
Microsoft Visual Studio Solution File, Format Version 12.00
# Visual Studio Version 17
VisualStudioVersion = 17.5.33627.172
MinimumVisualStudioVersion = 10.0.40219.1
Project("{2150E333-8FDC-42A3-9474-1A3956D46DE8}") = "DotNet", "DotNet", "{EB55D71D-570E-4DF7-A2EE-6EB78CD90BCA}"
EndProject
Project("{2150E333-8FDC-42A3-9474-1A3956D46DE8}") = "Unity", "Unity", "{0001D67E-D143-4258-BD02-588C4915BCB0}"
EndProject
Project("{FAE04EC0-301F-11D3-BF4B-00C04F79EFBC}") = "WorldTree.Core", "Unity\WorldTree.Core.csproj", "{5E34D762-F009-1C9B-3359-DA8578BC2462}"
EndProject
Project("{2150E333-8FDC-42A3-9474-1A3956D46DE8}") = "Share", "Share", "{16C6B1C9-CA4B-4994-B04B-26DD6BF3AD0E}"
EndProject
Project("{9A19103F-16F7-4668-BE54-9A1E7A4F7556}") = "Share.SourceGenerator", "Share\SourceGenerator\Share.SourceGenerator.csproj", "{3BA7FF76-0B17-4B7D-9F14-5B51E167C9F2}"
EndProject
Project("{FAE04EC0-301F-11D3-BF4B-00C04F79EFBC}") = "WorldTree.UnityCore", "Unity\WorldTree.UnityCore.csproj", "{F18C6E41-A03A-7A67-EAF1-3B6FCFF3E74A}"
EndProject
Project("{9A19103F-16F7-4668-BE54-9A1E7A4F7556}") = "Share.Analyzer", "Share\Analyzer\Share.Analyzer.csproj", "{D7595FCA-2B97-488F-9EF1-AC7CB9A960DF}"
EndProject
Project("{9A19103F-16F7-4668-BE54-9A1E7A4F7556}") = "DotNet.App", "DotNet\App\DotNet.App.csproj", "{46245BE3-8DF9-488E-A700-13FC592E905B}"
EndProject
Project("{9A19103F-16F7-4668-BE54-9A1E7A4F7556}") = "DotNet.Node", "DotNet\Node\DotNet.Node.csproj", "{6A1B7E52-404C-40DA-B3BC-45ECD72AA5DC}"
EndProject
Project("{9A19103F-16F7-4668-BE54-9A1E7A4F7556}") = "DotNet.Rule", "DotNet\Rule\DotNet.Rule.csproj", "{584E47B2-BF0A-449D-ABB9-EB9F79CC54B0}"
EndProject
Project("{9A19103F-16F7-4668-BE54-9A1E7A4F7556}") = "DotNet.Config", "DotNet\Config\DotNet.Config.csproj", "{484256C0-0C60-464E-A0FD-595D7EF86D5B}"
EndProject
Project("{2150E333-8FDC-42A3-9474-1A3956D46DE8}") = "Tools", "Tools", "{451F9DF4-6944-4B9F-A135-0B1A465881BE}"
EndProject
Project("{9A19103F-16F7-4668-BE54-9A1E7A4F7556}") = "HookTest", "Tools\HookTest\HookTest.csproj", "{DE26A080-3F76-4D02-9F41-18E15B823B18}"
EndProject
Project("{2150E333-8FDC-42A3-9474-1A3956D46DE8}") = "VSPlugin", "VSPlugin", "{C6F566E8-2ADB-4287-BBAD-2AAEBB0407CB}"
EndProject
Project("{FAE04EC0-301F-11D3-BF4B-00C04F79EFBC}") = "OperateLinkFile", "VSPlugin\OperateLinkFile\OperateLinkFile.csproj", "{71CEEB73-880E-4F66-ACE8-71C70F8908A6}"
EndProject
Project("{2150E333-8FDC-42A3-9474-1A3956D46DE8}") = "Framework", "Framework", "{2FEFA688-3637-4B84-A85A-FF731D2E5CA8}"
EndProject
Project("{9A19103F-16F7-4668-BE54-9A1E7A4F7556}") = "WorldTree.Core", "Framework\Core\WorldTree.Core.csproj", "{7EC6D0DB-11C4-4700-8608-C1A316FAFE29}"
EndProject
Project("{2150E333-8FDC-42A3-9474-1A3956D46DE8}") = "InputBindTool", "InputBindTool", "{7F334808-AE12-4A72-887A-BD10DBD5E9E8}"
EndProject
Project("{9A19103F-16F7-4668-BE54-9A1E7A4F7556}") = "InputBind", "Tools\InputBindTool\InputBind\InputBind.csproj", "{AEACC3F5-4FB8-4B9B-BAE2-D8E4419B52E4}"
EndProject
Project("{9A19103F-16F7-4668-BE54-9A1E7A4F7556}") = "InputBind.Node", "Tools\InputBindTool\Node\InputBind.Node.csproj", "{C1641DA4-A1F2-44AE-9460-B2E91D959849}"
EndProject
Project("{9A19103F-16F7-4668-BE54-9A1E7A4F7556}") = "InputBind.Rule", "Tools\InputBindTool\Rule\InputBind.Rule.csproj", "{4C2D8A3E-C287-4958-8022-414D4EE3478D}"
EndProject
Global
	GlobalSection(SolutionConfigurationPlatforms) = preSolution
		Debug|Any CPU = Debug|Any CPU
		Debug|arm64 = Debug|arm64
		Debug|x86 = Debug|x86
		Release|Any CPU = Release|Any CPU
		Release|arm64 = Release|arm64
		Release|x86 = Release|x86
	EndGlobalSection
	GlobalSection(ProjectConfigurationPlatforms) = postSolution
		{5E34D762-F009-1C9B-3359-DA8578BC2462}.Debug|Any CPU.ActiveCfg = Debug|Any CPU
		{5E34D762-F009-1C9B-3359-DA8578BC2462}.Debug|Any CPU.Build.0 = Debug|Any CPU
		{5E34D762-F009-1C9B-3359-DA8578BC2462}.Debug|arm64.ActiveCfg = Debug|Any CPU
		{5E34D762-F009-1C9B-3359-DA8578BC2462}.Debug|x86.ActiveCfg = Debug|Any CPU
		{5E34D762-F009-1C9B-3359-DA8578BC2462}.Release|Any CPU.ActiveCfg = Release|Any CPU
		{5E34D762-F009-1C9B-3359-DA8578BC2462}.Release|Any CPU.Build.0 = Release|Any CPU
		{5E34D762-F009-1C9B-3359-DA8578BC2462}.Release|arm64.ActiveCfg = Release|Any CPU
		{5E34D762-F009-1C9B-3359-DA8578BC2462}.Release|x86.ActiveCfg = Release|Any CPU
		{3BA7FF76-0B17-4B7D-9F14-5B51E167C9F2}.Debug|Any CPU.ActiveCfg = Debug|Any CPU
		{3BA7FF76-0B17-4B7D-9F14-5B51E167C9F2}.Debug|Any CPU.Build.0 = Debug|Any CPU
		{3BA7FF76-0B17-4B7D-9F14-5B51E167C9F2}.Debug|arm64.ActiveCfg = Debug|Any CPU
		{3BA7FF76-0B17-4B7D-9F14-5B51E167C9F2}.Debug|arm64.Build.0 = Debug|Any CPU
		{3BA7FF76-0B17-4B7D-9F14-5B51E167C9F2}.Debug|x86.ActiveCfg = Debug|Any CPU
		{3BA7FF76-0B17-4B7D-9F14-5B51E167C9F2}.Debug|x86.Build.0 = Debug|Any CPU
		{3BA7FF76-0B17-4B7D-9F14-5B51E167C9F2}.Release|Any CPU.ActiveCfg = Release|Any CPU
		{3BA7FF76-0B17-4B7D-9F14-5B51E167C9F2}.Release|Any CPU.Build.0 = Release|Any CPU
		{3BA7FF76-0B17-4B7D-9F14-5B51E167C9F2}.Release|arm64.ActiveCfg = Release|Any CPU
		{3BA7FF76-0B17-4B7D-9F14-5B51E167C9F2}.Release|arm64.Build.0 = Release|Any CPU
		{3BA7FF76-0B17-4B7D-9F14-5B51E167C9F2}.Release|x86.ActiveCfg = Release|Any CPU
		{3BA7FF76-0B17-4B7D-9F14-5B51E167C9F2}.Release|x86.Build.0 = Release|Any CPU
		{F18C6E41-A03A-7A67-EAF1-3B6FCFF3E74A}.Debug|Any CPU.ActiveCfg = Debug|Any CPU
		{F18C6E41-A03A-7A67-EAF1-3B6FCFF3E74A}.Debug|Any CPU.Build.0 = Debug|Any CPU
		{F18C6E41-A03A-7A67-EAF1-3B6FCFF3E74A}.Debug|arm64.ActiveCfg = Debug|Any CPU
		{F18C6E41-A03A-7A67-EAF1-3B6FCFF3E74A}.Debug|x86.ActiveCfg = Debug|Any CPU
		{F18C6E41-A03A-7A67-EAF1-3B6FCFF3E74A}.Release|Any CPU.ActiveCfg = Release|Any CPU
		{F18C6E41-A03A-7A67-EAF1-3B6FCFF3E74A}.Release|Any CPU.Build.0 = Release|Any CPU
		{F18C6E41-A03A-7A67-EAF1-3B6FCFF3E74A}.Release|arm64.ActiveCfg = Release|Any CPU
		{F18C6E41-A03A-7A67-EAF1-3B6FCFF3E74A}.Release|x86.ActiveCfg = Release|Any CPU
		{D7595FCA-2B97-488F-9EF1-AC7CB9A960DF}.Debug|Any CPU.ActiveCfg = Debug|Any CPU
		{D7595FCA-2B97-488F-9EF1-AC7CB9A960DF}.Debug|Any CPU.Build.0 = Debug|Any CPU
		{D7595FCA-2B97-488F-9EF1-AC7CB9A960DF}.Debug|arm64.ActiveCfg = Debug|Any CPU
		{D7595FCA-2B97-488F-9EF1-AC7CB9A960DF}.Debug|arm64.Build.0 = Debug|Any CPU
		{D7595FCA-2B97-488F-9EF1-AC7CB9A960DF}.Debug|x86.ActiveCfg = Debug|Any CPU
		{D7595FCA-2B97-488F-9EF1-AC7CB9A960DF}.Debug|x86.Build.0 = Debug|Any CPU
		{D7595FCA-2B97-488F-9EF1-AC7CB9A960DF}.Release|Any CPU.ActiveCfg = Release|Any CPU
		{D7595FCA-2B97-488F-9EF1-AC7CB9A960DF}.Release|Any CPU.Build.0 = Release|Any CPU
		{D7595FCA-2B97-488F-9EF1-AC7CB9A960DF}.Release|arm64.ActiveCfg = Release|Any CPU
		{D7595FCA-2B97-488F-9EF1-AC7CB9A960DF}.Release|arm64.Build.0 = Release|Any CPU
		{D7595FCA-2B97-488F-9EF1-AC7CB9A960DF}.Release|x86.ActiveCfg = Release|Any CPU
		{D7595FCA-2B97-488F-9EF1-AC7CB9A960DF}.Release|x86.Build.0 = Release|Any CPU
		{46245BE3-8DF9-488E-A700-13FC592E905B}.Debug|Any CPU.ActiveCfg = Debug|Any CPU
		{46245BE3-8DF9-488E-A700-13FC592E905B}.Debug|Any CPU.Build.0 = Debug|Any CPU
		{46245BE3-8DF9-488E-A700-13FC592E905B}.Debug|arm64.ActiveCfg = Debug|Any CPU
		{46245BE3-8DF9-488E-A700-13FC592E905B}.Debug|arm64.Build.0 = Debug|Any CPU
		{46245BE3-8DF9-488E-A700-13FC592E905B}.Debug|x86.ActiveCfg = Debug|Any CPU
		{46245BE3-8DF9-488E-A700-13FC592E905B}.Debug|x86.Build.0 = Debug|Any CPU
		{46245BE3-8DF9-488E-A700-13FC592E905B}.Release|Any CPU.ActiveCfg = Release|Any CPU
		{46245BE3-8DF9-488E-A700-13FC592E905B}.Release|Any CPU.Build.0 = Release|Any CPU
		{46245BE3-8DF9-488E-A700-13FC592E905B}.Release|arm64.ActiveCfg = Release|Any CPU
		{46245BE3-8DF9-488E-A700-13FC592E905B}.Release|arm64.Build.0 = Release|Any CPU
		{46245BE3-8DF9-488E-A700-13FC592E905B}.Release|x86.ActiveCfg = Release|Any CPU
		{46245BE3-8DF9-488E-A700-13FC592E905B}.Release|x86.Build.0 = Release|Any CPU
		{6A1B7E52-404C-40DA-B3BC-45ECD72AA5DC}.Debug|Any CPU.ActiveCfg = Debug|Any CPU
		{6A1B7E52-404C-40DA-B3BC-45ECD72AA5DC}.Debug|Any CPU.Build.0 = Debug|Any CPU
		{6A1B7E52-404C-40DA-B3BC-45ECD72AA5DC}.Debug|arm64.ActiveCfg = Debug|Any CPU
		{6A1B7E52-404C-40DA-B3BC-45ECD72AA5DC}.Debug|arm64.Build.0 = Debug|Any CPU
		{6A1B7E52-404C-40DA-B3BC-45ECD72AA5DC}.Debug|x86.ActiveCfg = Debug|Any CPU
		{6A1B7E52-404C-40DA-B3BC-45ECD72AA5DC}.Debug|x86.Build.0 = Debug|Any CPU
		{6A1B7E52-404C-40DA-B3BC-45ECD72AA5DC}.Release|Any CPU.ActiveCfg = Release|Any CPU
		{6A1B7E52-404C-40DA-B3BC-45ECD72AA5DC}.Release|Any CPU.Build.0 = Release|Any CPU
		{6A1B7E52-404C-40DA-B3BC-45ECD72AA5DC}.Release|arm64.ActiveCfg = Release|Any CPU
		{6A1B7E52-404C-40DA-B3BC-45ECD72AA5DC}.Release|arm64.Build.0 = Release|Any CPU
		{6A1B7E52-404C-40DA-B3BC-45ECD72AA5DC}.Release|x86.ActiveCfg = Release|Any CPU
		{6A1B7E52-404C-40DA-B3BC-45ECD72AA5DC}.Release|x86.Build.0 = Release|Any CPU
		{584E47B2-BF0A-449D-ABB9-EB9F79CC54B0}.Debug|Any CPU.ActiveCfg = Debug|Any CPU
		{584E47B2-BF0A-449D-ABB9-EB9F79CC54B0}.Debug|Any CPU.Build.0 = Debug|Any CPU
		{584E47B2-BF0A-449D-ABB9-EB9F79CC54B0}.Debug|arm64.ActiveCfg = Debug|Any CPU
		{584E47B2-BF0A-449D-ABB9-EB9F79CC54B0}.Debug|arm64.Build.0 = Debug|Any CPU
		{584E47B2-BF0A-449D-ABB9-EB9F79CC54B0}.Debug|x86.ActiveCfg = Debug|Any CPU
		{584E47B2-BF0A-449D-ABB9-EB9F79CC54B0}.Debug|x86.Build.0 = Debug|Any CPU
		{584E47B2-BF0A-449D-ABB9-EB9F79CC54B0}.Release|Any CPU.ActiveCfg = Release|Any CPU
		{584E47B2-BF0A-449D-ABB9-EB9F79CC54B0}.Release|Any CPU.Build.0 = Release|Any CPU
		{584E47B2-BF0A-449D-ABB9-EB9F79CC54B0}.Release|arm64.ActiveCfg = Release|Any CPU
		{584E47B2-BF0A-449D-ABB9-EB9F79CC54B0}.Release|arm64.Build.0 = Release|Any CPU
		{584E47B2-BF0A-449D-ABB9-EB9F79CC54B0}.Release|x86.ActiveCfg = Release|Any CPU
		{584E47B2-BF0A-449D-ABB9-EB9F79CC54B0}.Release|x86.Build.0 = Release|Any CPU
		{484256C0-0C60-464E-A0FD-595D7EF86D5B}.Debug|Any CPU.ActiveCfg = Debug|Any CPU
		{484256C0-0C60-464E-A0FD-595D7EF86D5B}.Debug|Any CPU.Build.0 = Debug|Any CPU
		{484256C0-0C60-464E-A0FD-595D7EF86D5B}.Debug|arm64.ActiveCfg = Debug|Any CPU
		{484256C0-0C60-464E-A0FD-595D7EF86D5B}.Debug|arm64.Build.0 = Debug|Any CPU
		{484256C0-0C60-464E-A0FD-595D7EF86D5B}.Debug|x86.ActiveCfg = Debug|Any CPU
		{484256C0-0C60-464E-A0FD-595D7EF86D5B}.Debug|x86.Build.0 = Debug|Any CPU
		{484256C0-0C60-464E-A0FD-595D7EF86D5B}.Release|Any CPU.ActiveCfg = Release|Any CPU
		{484256C0-0C60-464E-A0FD-595D7EF86D5B}.Release|Any CPU.Build.0 = Release|Any CPU
		{484256C0-0C60-464E-A0FD-595D7EF86D5B}.Release|arm64.ActiveCfg = Release|Any CPU
		{484256C0-0C60-464E-A0FD-595D7EF86D5B}.Release|arm64.Build.0 = Release|Any CPU
		{484256C0-0C60-464E-A0FD-595D7EF86D5B}.Release|x86.ActiveCfg = Release|Any CPU
		{484256C0-0C60-464E-A0FD-595D7EF86D5B}.Release|x86.Build.0 = Release|Any CPU
		{DE26A080-3F76-4D02-9F41-18E15B823B18}.Debug|Any CPU.ActiveCfg = Debug|Any CPU
		{DE26A080-3F76-4D02-9F41-18E15B823B18}.Debug|Any CPU.Build.0 = Debug|Any CPU
		{DE26A080-3F76-4D02-9F41-18E15B823B18}.Debug|arm64.ActiveCfg = Debug|Any CPU
		{DE26A080-3F76-4D02-9F41-18E15B823B18}.Debug|arm64.Build.0 = Debug|Any CPU
		{DE26A080-3F76-4D02-9F41-18E15B823B18}.Debug|x86.ActiveCfg = Debug|Any CPU
		{DE26A080-3F76-4D02-9F41-18E15B823B18}.Debug|x86.Build.0 = Debug|Any CPU
		{DE26A080-3F76-4D02-9F41-18E15B823B18}.Release|Any CPU.ActiveCfg = Release|Any CPU
		{DE26A080-3F76-4D02-9F41-18E15B823B18}.Release|Any CPU.Build.0 = Release|Any CPU
		{DE26A080-3F76-4D02-9F41-18E15B823B18}.Release|arm64.ActiveCfg = Release|Any CPU
		{DE26A080-3F76-4D02-9F41-18E15B823B18}.Release|arm64.Build.0 = Release|Any CPU
		{DE26A080-3F76-4D02-9F41-18E15B823B18}.Release|x86.ActiveCfg = Release|Any CPU
		{DE26A080-3F76-4D02-9F41-18E15B823B18}.Release|x86.Build.0 = Release|Any CPU
		{71CEEB73-880E-4F66-ACE8-71C70F8908A6}.Debug|Any CPU.ActiveCfg = Debug|Any CPU
		{71CEEB73-880E-4F66-ACE8-71C70F8908A6}.Debug|Any CPU.Build.0 = Debug|Any CPU
		{71CEEB73-880E-4F66-ACE8-71C70F8908A6}.Debug|arm64.ActiveCfg = Debug|arm64
		{71CEEB73-880E-4F66-ACE8-71C70F8908A6}.Debug|arm64.Build.0 = Debug|arm64
		{71CEEB73-880E-4F66-ACE8-71C70F8908A6}.Debug|x86.ActiveCfg = Debug|x86
		{71CEEB73-880E-4F66-ACE8-71C70F8908A6}.Debug|x86.Build.0 = Debug|x86
		{71CEEB73-880E-4F66-ACE8-71C70F8908A6}.Release|Any CPU.ActiveCfg = Release|Any CPU
		{71CEEB73-880E-4F66-ACE8-71C70F8908A6}.Release|Any CPU.Build.0 = Release|Any CPU
		{71CEEB73-880E-4F66-ACE8-71C70F8908A6}.Release|arm64.ActiveCfg = Release|arm64
		{71CEEB73-880E-4F66-ACE8-71C70F8908A6}.Release|arm64.Build.0 = Release|arm64
		{71CEEB73-880E-4F66-ACE8-71C70F8908A6}.Release|x86.ActiveCfg = Release|x86
		{71CEEB73-880E-4F66-ACE8-71C70F8908A6}.Release|x86.Build.0 = Release|x86
		{7EC6D0DB-11C4-4700-8608-C1A316FAFE29}.Debug|Any CPU.ActiveCfg = Debug|Any CPU
		{7EC6D0DB-11C4-4700-8608-C1A316FAFE29}.Debug|Any CPU.Build.0 = Debug|Any CPU
		{7EC6D0DB-11C4-4700-8608-C1A316FAFE29}.Debug|arm64.ActiveCfg = Debug|Any CPU
		{7EC6D0DB-11C4-4700-8608-C1A316FAFE29}.Debug|arm64.Build.0 = Debug|Any CPU
		{7EC6D0DB-11C4-4700-8608-C1A316FAFE29}.Debug|x86.ActiveCfg = Debug|Any CPU
		{7EC6D0DB-11C4-4700-8608-C1A316FAFE29}.Debug|x86.Build.0 = Debug|Any CPU
		{7EC6D0DB-11C4-4700-8608-C1A316FAFE29}.Release|Any CPU.ActiveCfg = Release|Any CPU
		{7EC6D0DB-11C4-4700-8608-C1A316FAFE29}.Release|Any CPU.Build.0 = Release|Any CPU
		{7EC6D0DB-11C4-4700-8608-C1A316FAFE29}.Release|arm64.ActiveCfg = Release|Any CPU
		{7EC6D0DB-11C4-4700-8608-C1A316FAFE29}.Release|arm64.Build.0 = Release|Any CPU
		{7EC6D0DB-11C4-4700-8608-C1A316FAFE29}.Release|x86.ActiveCfg = Release|Any CPU
		{7EC6D0DB-11C4-4700-8608-C1A316FAFE29}.Release|x86.Build.0 = Release|Any CPU
		{AEACC3F5-4FB8-4B9B-BAE2-D8E4419B52E4}.Debug|Any CPU.ActiveCfg = Debug|Any CPU
		{AEACC3F5-4FB8-4B9B-BAE2-D8E4419B52E4}.Debug|Any CPU.Build.0 = Debug|Any CPU
		{AEACC3F5-4FB8-4B9B-BAE2-D8E4419B52E4}.Debug|arm64.ActiveCfg = Debug|Any CPU
		{AEACC3F5-4FB8-4B9B-BAE2-D8E4419B52E4}.Debug|arm64.Build.0 = Debug|Any CPU
		{AEACC3F5-4FB8-4B9B-BAE2-D8E4419B52E4}.Debug|x86.ActiveCfg = Debug|Any CPU
		{AEACC3F5-4FB8-4B9B-BAE2-D8E4419B52E4}.Debug|x86.Build.0 = Debug|Any CPU
		{AEACC3F5-4FB8-4B9B-BAE2-D8E4419B52E4}.Release|Any CPU.ActiveCfg = Release|Any CPU
		{AEACC3F5-4FB8-4B9B-BAE2-D8E4419B52E4}.Release|Any CPU.Build.0 = Release|Any CPU
		{AEACC3F5-4FB8-4B9B-BAE2-D8E4419B52E4}.Release|arm64.ActiveCfg = Release|Any CPU
		{AEACC3F5-4FB8-4B9B-BAE2-D8E4419B52E4}.Release|arm64.Build.0 = Release|Any CPU
		{AEACC3F5-4FB8-4B9B-BAE2-D8E4419B52E4}.Release|x86.ActiveCfg = Release|Any CPU
		{AEACC3F5-4FB8-4B9B-BAE2-D8E4419B52E4}.Release|x86.Build.0 = Release|Any CPU
		{C1641DA4-A1F2-44AE-9460-B2E91D959849}.Debug|Any CPU.ActiveCfg = Debug|Any CPU
		{C1641DA4-A1F2-44AE-9460-B2E91D959849}.Debug|Any CPU.Build.0 = Debug|Any CPU
		{C1641DA4-A1F2-44AE-9460-B2E91D959849}.Debug|arm64.ActiveCfg = Debug|Any CPU
		{C1641DA4-A1F2-44AE-9460-B2E91D959849}.Debug|arm64.Build.0 = Debug|Any CPU
		{C1641DA4-A1F2-44AE-9460-B2E91D959849}.Debug|x86.ActiveCfg = Debug|Any CPU
		{C1641DA4-A1F2-44AE-9460-B2E91D959849}.Debug|x86.Build.0 = Debug|Any CPU
		{C1641DA4-A1F2-44AE-9460-B2E91D959849}.Release|Any CPU.ActiveCfg = Release|Any CPU
		{C1641DA4-A1F2-44AE-9460-B2E91D959849}.Release|Any CPU.Build.0 = Release|Any CPU
		{C1641DA4-A1F2-44AE-9460-B2E91D959849}.Release|arm64.ActiveCfg = Release|Any CPU
		{C1641DA4-A1F2-44AE-9460-B2E91D959849}.Release|arm64.Build.0 = Release|Any CPU
		{C1641DA4-A1F2-44AE-9460-B2E91D959849}.Release|x86.ActiveCfg = Release|Any CPU
		{C1641DA4-A1F2-44AE-9460-B2E91D959849}.Release|x86.Build.0 = Release|Any CPU
		{4C2D8A3E-C287-4958-8022-414D4EE3478D}.Debug|Any CPU.ActiveCfg = Debug|Any CPU
		{4C2D8A3E-C287-4958-8022-414D4EE3478D}.Debug|Any CPU.Build.0 = Debug|Any CPU
		{4C2D8A3E-C287-4958-8022-414D4EE3478D}.Debug|arm64.ActiveCfg = Debug|Any CPU
		{4C2D8A3E-C287-4958-8022-414D4EE3478D}.Debug|arm64.Build.0 = Debug|Any CPU
		{4C2D8A3E-C287-4958-8022-414D4EE3478D}.Debug|x86.ActiveCfg = Debug|Any CPU
		{4C2D8A3E-C287-4958-8022-414D4EE3478D}.Debug|x86.Build.0 = Debug|Any CPU
		{4C2D8A3E-C287-4958-8022-414D4EE3478D}.Release|Any CPU.ActiveCfg = Release|Any CPU
		{4C2D8A3E-C287-4958-8022-414D4EE3478D}.Release|Any CPU.Build.0 = Release|Any CPU
		{4C2D8A3E-C287-4958-8022-414D4EE3478D}.Release|arm64.ActiveCfg = Release|Any CPU
		{4C2D8A3E-C287-4958-8022-414D4EE3478D}.Release|arm64.Build.0 = Release|Any CPU
		{4C2D8A3E-C287-4958-8022-414D4EE3478D}.Release|x86.ActiveCfg = Release|Any CPU
		{4C2D8A3E-C287-4958-8022-414D4EE3478D}.Release|x86.Build.0 = Release|Any CPU
	EndGlobalSection
	GlobalSection(SolutionProperties) = preSolution
		HideSolutionNode = FALSE
	EndGlobalSection
	GlobalSection(NestedProjects) = preSolution
		{5E34D762-F009-1C9B-3359-DA8578BC2462} = {0001D67E-D143-4258-BD02-588C4915BCB0}
		{3BA7FF76-0B17-4B7D-9F14-5B51E167C9F2} = {16C6B1C9-CA4B-4994-B04B-26DD6BF3AD0E}
		{F18C6E41-A03A-7A67-EAF1-3B6FCFF3E74A} = {0001D67E-D143-4258-BD02-588C4915BCB0}
		{D7595FCA-2B97-488F-9EF1-AC7CB9A960DF} = {16C6B1C9-CA4B-4994-B04B-26DD6BF3AD0E}
		{46245BE3-8DF9-488E-A700-13FC592E905B} = {EB55D71D-570E-4DF7-A2EE-6EB78CD90BCA}
		{6A1B7E52-404C-40DA-B3BC-45ECD72AA5DC} = {EB55D71D-570E-4DF7-A2EE-6EB78CD90BCA}
		{584E47B2-BF0A-449D-ABB9-EB9F79CC54B0} = {EB55D71D-570E-4DF7-A2EE-6EB78CD90BCA}
		{484256C0-0C60-464E-A0FD-595D7EF86D5B} = {EB55D71D-570E-4DF7-A2EE-6EB78CD90BCA}
		{DE26A080-3F76-4D02-9F41-18E15B823B18} = {451F9DF4-6944-4B9F-A135-0B1A465881BE}
		{71CEEB73-880E-4F66-ACE8-71C70F8908A6} = {C6F566E8-2ADB-4287-BBAD-2AAEBB0407CB}
		{7EC6D0DB-11C4-4700-8608-C1A316FAFE29} = {2FEFA688-3637-4B84-A85A-FF731D2E5CA8}
		{7F334808-AE12-4A72-887A-BD10DBD5E9E8} = {451F9DF4-6944-4B9F-A135-0B1A465881BE}
		{AEACC3F5-4FB8-4B9B-BAE2-D8E4419B52E4} = {7F334808-AE12-4A72-887A-BD10DBD5E9E8}
		{C1641DA4-A1F2-44AE-9460-B2E91D959849} = {7F334808-AE12-4A72-887A-BD10DBD5E9E8}
		{4C2D8A3E-C287-4958-8022-414D4EE3478D} = {7F334808-AE12-4A72-887A-BD10DBD5E9E8}
	EndGlobalSection
	GlobalSection(ExtensibilityGlobals) = postSolution
		SolutionGuid = {EA45D023-D6E4-4130-8C5A-3BC632A4BF55}
	EndGlobalSection
EndGlobal
