
Microsoft Visual Studio Solution File, Format Version 12.00
# Visual Studio Version 17
VisualStudioVersion = 17.5.33627.172
MinimumVisualStudioVersion = 10.0.40219.1
Project("{2150E333-8FDC-42A3-9474-1A3956D46DE8}") = "Console", "Console", "{EB55D71D-570E-4DF7-A2EE-6EB78CD90BCA}"
EndProject
Project("{2150E333-8FDC-42A3-9474-1A3956D46DE8}") = "WinForm", "WinForm", "{451F9DF4-6944-4B9F-A135-0B1A465881BE}"
EndProject
Project("{2150E333-8FDC-42A3-9474-1A3956D46DE8}") = "VSPlugin", "VSPlugin", "{C6F566E8-2ADB-4287-BBAD-2AAEBB0407CB}"
EndProject
Project("{FAE04EC0-301F-11D3-BF4B-00C04F79EFBC}") = "OperateLinkFile", "VSPlugin\OperateLinkFile\OperateLinkFile.csproj", "{71CEEB73-880E-4F66-ACE8-71C70F8908A6}"
EndProject
Project("{2150E333-8FDC-42A3-9474-1A3956D46DE8}") = "Framework", "Framework", "{2FEFA688-3637-4B84-A85A-FF731D2E5CA8}"
EndProject
Project("{9A19103F-16F7-4668-BE54-9A1E7A4F7556}") = "WorldTree.Core", "Framework\Core\WorldTree.Core.csproj", "{7EC6D0DB-11C4-4700-8608-C1A316FAFE29}"
EndProject
Project("{2150E333-8FDC-42A3-9474-1A3956D46DE8}") = "InputBindTool", "InputBindTool", "{7F334808-AE12-4A72-887A-BD10DBD5E9E8}"
EndProject
Project("{2150E333-8FDC-42A3-9474-1A3956D46DE8}") = "Server", "Server", "{C217762C-F634-41FD-B575-1DDCB7718680}"
EndProject
Project("{9A19103F-16F7-4668-BE54-9A1E7A4F7556}") = "Server.Rule", "Console\Server\Rule\Server.Rule.csproj", "{3D07A6C7-CE94-4B88-B122-FB79EA3447B8}"
EndProject
Project("{9A19103F-16F7-4668-BE54-9A1E7A4F7556}") = "Server.Node", "Console\Server\Node\Server.Node.csproj", "{CCFA571C-680D-476D-A001-E638760B19EB}"
EndProject
Project("{9A19103F-16F7-4668-BE54-9A1E7A4F7556}") = "Server.App", "Console\Server\App\Server.App.csproj", "{2E323164-4C62-4806-9F4F-61D46F8BAA38}"
EndProject
Project("{9A19103F-16F7-4668-BE54-9A1E7A4F7556}") = "Server.Config", "Console\Server\Config\Server.Config.csproj", "{EA03615E-C483-4D77-B92B-97650C7B3F67}"
EndProject
Project("{9A19103F-16F7-4668-BE54-9A1E7A4F7556}") = "InputBind.Node", "WinForm\InputBindTool\Node\InputBind.Node.csproj", "{0DE3B2FC-356E-40A9-8921-D77A3F7CA524}"
EndProject
Project("{9A19103F-16F7-4668-BE54-9A1E7A4F7556}") = "InputBind.Rule", "WinForm\InputBindTool\Rule\InputBind.Rule.csproj", "{737AA7EB-EC9E-4E1E-8E16-67803CB32B67}"
EndProject
Project("{9A19103F-16F7-4668-BE54-9A1E7A4F7556}") = "InputBind", "WinForm\InputBindTool\InputBind\InputBind.csproj", "{95AE9FC9-1B81-4835-A2BE-547918EA654C}"
EndProject
Project("{2150E333-8FDC-42A3-9474-1A3956D46DE8}") = "Analysis", "Analysis", "{363A03EF-2CC2-459E-A9B9-2C33BBE8D31C}"
EndProject
Project("{2150E333-8FDC-42A3-9474-1A3956D46DE8}") = "Core", "Core", "{7C481EF2-69AB-42CF-AA4D-7E2A48C06BC6}"
EndProject
Project("{9A19103F-16F7-4668-BE54-9A1E7A4F7556}") = "WinForm.Core", "WinForm\Core\WinForm.Core.csproj", "{E6311781-D345-4FFF-8A33-CF283802C93A}"
EndProject
Project("{9A19103F-16F7-4668-BE54-9A1E7A4F7556}") = "WorldTree.AnalyzerCore", "Framework\AnalyzerCore\WorldTree.AnalyzerCore.csproj", "{C35D89DA-C2A7-4166-92E3-757DD84760A3}"
EndProject
Project("{9A19103F-16F7-4668-BE54-9A1E7A4F7556}") = "WorldTree.SourceGeneratorCore", "Framework\SourceGeneratorCore\WorldTree.SourceGeneratorCore.csproj", "{BE3E4ADA-3BB4-4B18-B70D-FF5EF157BFB5}"
EndProject
Project("{9A19103F-16F7-4668-BE54-9A1E7A4F7556}") = "Console.Analysis", "Console\Analysis\Console.Analysis.csproj", "{B25E3185-F883-4D05-A546-FD34643CAD05}"
EndProject
Project("{2150E333-8FDC-42A3-9474-1A3956D46DE8}") = "Analysis", "Analysis", "{DBB165A9-32E7-4994-9C41-099AE4E18C56}"
EndProject
Project("{2150E333-8FDC-42A3-9474-1A3956D46DE8}") = "UnityTool", "UnityTool", "{4882A8AF-8236-4EDD-AD0A-4BA9F8C11BEE}"
EndProject
Project("{9A19103F-16F7-4668-BE54-9A1E7A4F7556}") = "Unity.Analysis", "UnityTool\Analysis\Unity.Analysis.csproj", "{D9B3DA58-7CA7-4C0D-8880-EEBA828C9086}"
EndProject
Project("{2150E333-8FDC-42A3-9474-1A3956D46DE8}") = "Analysis", "Analysis", "{1D7794CC-4F70-44A9-9D67-5D5F5AE99E98}"
EndProject
Project("{9A19103F-16F7-4668-BE54-9A1E7A4F7556}") = "WinForm.Analysis", "WinForm\Analysis\WinForm.Analysis.csproj", "{EC93BAA5-8F20-4585-8AA5-9A693C334172}"
EndProject
Project("{2150E333-8FDC-42A3-9474-1A3956D46DE8}") = "WPF", "WPF", "{1482C2C1-09FB-4E2E-884E-53B1128B5061}"
EndProject
Project("{2150E333-8FDC-42A3-9474-1A3956D46DE8}") = "InputBindTool", "InputBindTool", "{C3CBC46E-D210-46A0-AFF0-C701E6B679BC}"
EndProject
Project("{9A19103F-16F7-4668-BE54-9A1E7A4F7556}") = "InputBind", "WPF\InputBindTool\InputBind\InputBind.csproj", "{77E9D2D0-ABC8-40CF-83C0-533B1A81AA34}"
EndProject
Project("{2150E333-8FDC-42A3-9474-1A3956D46DE8}") = "Avalonia", "Avalonia", "{92FA2582-1B66-4EA9-90A9-0BC6E6717324}"
EndProject
Project("{9A19103F-16F7-4668-BE54-9A1E7A4F7556}") = "AvaloniaMVVMTest", "Avalonia\AvaloniaMVVMTest\AvaloniaMVVMTest.csproj", "{DFC19F68-16D3-4E79-A7AF-AA5CD7F57CD6}"
EndProject
Project("{FAE04EC0-301F-11D3-BF4B-00C04F79EFBC}") = "AvaloniaTest", "Avalonia\AvaloniaTest\AvaloniaTest.csproj", "{20FD0A6D-8BA9-4B0A-B286-A1EEC3740308}"
EndProject
Project("{2150E333-8FDC-42A3-9474-1A3956D46DE8}") = "Core", "Core", "{02EA681E-C7D8-13C7-8484-4AC65E1B71E8}"
EndProject
Project("{FAE04EC0-301F-11D3-BF4B-00C04F79EFBC}") = "Avalonia.Core", "Avalonia\Core\Avalonia.Core.csproj", "{3046164A-7C14-48E5-A527-001CE24C81A3}"
EndProject
Project("{2150E333-8FDC-42A3-9474-1A3956D46DE8}") = "InputBindTool", "InputBindTool", "{4F0CC9F7-2D91-47D6-9B76-E3663F371117}"
EndProject
Project("{FAE04EC0-301F-11D3-BF4B-00C04F79EFBC}") = "InputBind.App", "Avalonia\InputBindTool\App\InputBind.App.csproj", "{A232E1B0-B627-4520-BB8A-BADC391713B2}"
EndProject
Project("{2150E333-8FDC-42A3-9474-1A3956D46DE8}") = "Analysis", "Analysis", "{54B9DD5D-CDE7-441F-A5CB-77989D3447B6}"
EndProject
Project("{FAE04EC0-301F-11D3-BF4B-00C04F79EFBC}") = "Avalonia.Analysis", "Avalonia\Analysis\Avalonia.Analysis.csproj", "{CBF3FD90-EF7A-46C2-8849-F843B935516A}"
EndProject
Project("{FAE04EC0-301F-11D3-BF4B-00C04F79EFBC}") = "InputBind.Node", "Avalonia\InputBindTool\Node\InputBind.Node.csproj", "{B612D4FA-0D0D-42B6-9915-AEBCF50CA9E6}"
EndProject
Project("{FAE04EC0-301F-11D3-BF4B-00C04F79EFBC}") = "InputBind.Rule", "Avalonia\InputBindTool\Rule\InputBind.Rule.csproj", "{CE49FA9C-4B3C-48DA-8AC8-B2B51050DBA8}"
EndProject
Project("{FAE04EC0-301F-11D3-BF4B-00C04F79EFBC}") = "InputBind", "Avalonia\InputBindTool\InputBind\InputBind\InputBind.csproj", "{BEFB1F5C-0F0C-4C1E-8C7B-5172CD3C32E8}"
EndProject
Project("{FAE04EC0-301F-11D3-BF4B-00C04F79EFBC}") = "InputBind.Android", "Avalonia\InputBindTool\InputBind\InputBind.Android\InputBind.Android.csproj", "{5B2F143C-CDF1-4343-BAB9-BA0FE7D6441B}"
EndProject
Project("{FAE04EC0-301F-11D3-BF4B-00C04F79EFBC}") = "InputBind.Desktop", "Avalonia\InputBindTool\InputBind\InputBind.Desktop\InputBind.Desktop.csproj", "{E39DECF0-C578-4CB0-8049-4CE6E02F2B8F}"
EndProject
Project("{FAE04EC0-301F-11D3-BF4B-00C04F79EFBC}") = "InputBind.Browser", "Avalonia\InputBindTool\InputBind\InputBind.Browser\InputBind.Browser.csproj", "{5DF49C92-3FAE-4947-A88D-105759911E41}"
EndProject
Project("{2150E333-8FDC-42A3-9474-1A3956D46DE8}") = "Env", "Env", "{CC8FA64A-26EF-4E71-936F-BA02A8DAB449}"
EndProject
Project("{FAE04EC0-301F-11D3-BF4B-00C04F79EFBC}") = "WorldTree.ModuleNode", "Framework\ModuleNode\WorldTree.ModuleNode.csproj", "{D7825300-7B83-4AAD-8E56-7C767E188E54}"
EndProject
Project("{FAE04EC0-301F-11D3-BF4B-00C04F79EFBC}") = "WorldTree.ModuleRule", "Framework\ModuleRule\WorldTree.ModuleRule.csproj", "{E45268EE-8B35-454B-ACFB-9D0D27F13D32}"
EndProject
Project("{FAE04EC0-301F-11D3-BF4B-00C04F79EFBC}") = "TestProject", "Framework\Test\TestProject\TestProject.csproj", "{B568C002-2EE8-495D-AAD4-A4E800D1E772}"
EndProject
Project("{2150E333-8FDC-42A3-9474-1A3956D46DE8}") = "Test", "Test", "{75CCB57C-6DDF-4567-941D-C6A83C50411F}"
EndProject
Global
	GlobalSection(SolutionConfigurationPlatforms) = preSolution
		Debug|Any CPU = Debug|Any CPU
		Debug|arm64 = Debug|arm64
		Debug|x86 = Debug|x86
		Release|Any CPU = Release|Any CPU
		Release|arm64 = Release|arm64
		Release|x86 = Release|x86
	EndGlobalSection
	GlobalSection(ProjectConfigurationPlatforms) = postSolution
		{71CEEB73-880E-4F66-ACE8-71C70F8908A6}.Debug|Any CPU.ActiveCfg = Debug|Any CPU
		{71CEEB73-880E-4F66-ACE8-71C70F8908A6}.Debug|Any CPU.Build.0 = Debug|Any CPU
		{71CEEB73-880E-4F66-ACE8-71C70F8908A6}.Debug|arm64.ActiveCfg = Debug|arm64
		{71CEEB73-880E-4F66-ACE8-71C70F8908A6}.Debug|arm64.Build.0 = Debug|arm64
		{71CEEB73-880E-4F66-ACE8-71C70F8908A6}.Debug|x86.ActiveCfg = Debug|x86
		{71CEEB73-880E-4F66-ACE8-71C70F8908A6}.Debug|x86.Build.0 = Debug|x86
		{71CEEB73-880E-4F66-ACE8-71C70F8908A6}.Release|Any CPU.ActiveCfg = Release|Any CPU
		{71CEEB73-880E-4F66-ACE8-71C70F8908A6}.Release|Any CPU.Build.0 = Release|Any CPU
		{71CEEB73-880E-4F66-ACE8-71C70F8908A6}.Release|arm64.ActiveCfg = Release|arm64
		{71CEEB73-880E-4F66-ACE8-71C70F8908A6}.Release|arm64.Build.0 = Release|arm64
		{71CEEB73-880E-4F66-ACE8-71C70F8908A6}.Release|x86.ActiveCfg = Release|x86
		{71CEEB73-880E-4F66-ACE8-71C70F8908A6}.Release|x86.Build.0 = Release|x86
		{7EC6D0DB-11C4-4700-8608-C1A316FAFE29}.Debug|Any CPU.ActiveCfg = Debug|Any CPU
		{7EC6D0DB-11C4-4700-8608-C1A316FAFE29}.Debug|Any CPU.Build.0 = Debug|Any CPU
		{7EC6D0DB-11C4-4700-8608-C1A316FAFE29}.Debug|arm64.ActiveCfg = Debug|Any CPU
		{7EC6D0DB-11C4-4700-8608-C1A316FAFE29}.Debug|arm64.Build.0 = Debug|Any CPU
		{7EC6D0DB-11C4-4700-8608-C1A316FAFE29}.Debug|x86.ActiveCfg = Debug|Any CPU
		{7EC6D0DB-11C4-4700-8608-C1A316FAFE29}.Debug|x86.Build.0 = Debug|Any CPU
		{7EC6D0DB-11C4-4700-8608-C1A316FAFE29}.Release|Any CPU.ActiveCfg = Release|Any CPU
		{7EC6D0DB-11C4-4700-8608-C1A316FAFE29}.Release|Any CPU.Build.0 = Release|Any CPU
		{7EC6D0DB-11C4-4700-8608-C1A316FAFE29}.Release|arm64.ActiveCfg = Release|Any CPU
		{7EC6D0DB-11C4-4700-8608-C1A316FAFE29}.Release|arm64.Build.0 = Release|Any CPU
		{7EC6D0DB-11C4-4700-8608-C1A316FAFE29}.Release|x86.ActiveCfg = Release|Any CPU
		{7EC6D0DB-11C4-4700-8608-C1A316FAFE29}.Release|x86.Build.0 = Release|Any CPU
		{3D07A6C7-CE94-4B88-B122-FB79EA3447B8}.Debug|Any CPU.ActiveCfg = Debug|Any CPU
		{3D07A6C7-CE94-4B88-B122-FB79EA3447B8}.Debug|Any CPU.Build.0 = Debug|Any CPU
		{3D07A6C7-CE94-4B88-B122-FB79EA3447B8}.Debug|arm64.ActiveCfg = Debug|Any CPU
		{3D07A6C7-CE94-4B88-B122-FB79EA3447B8}.Debug|arm64.Build.0 = Debug|Any CPU
		{3D07A6C7-CE94-4B88-B122-FB79EA3447B8}.Debug|x86.ActiveCfg = Debug|Any CPU
		{3D07A6C7-CE94-4B88-B122-FB79EA3447B8}.Debug|x86.Build.0 = Debug|Any CPU
		{3D07A6C7-CE94-4B88-B122-FB79EA3447B8}.Release|Any CPU.ActiveCfg = Release|Any CPU
		{3D07A6C7-CE94-4B88-B122-FB79EA3447B8}.Release|Any CPU.Build.0 = Release|Any CPU
		{3D07A6C7-CE94-4B88-B122-FB79EA3447B8}.Release|arm64.ActiveCfg = Release|Any CPU
		{3D07A6C7-CE94-4B88-B122-FB79EA3447B8}.Release|arm64.Build.0 = Release|Any CPU
		{3D07A6C7-CE94-4B88-B122-FB79EA3447B8}.Release|x86.ActiveCfg = Release|Any CPU
		{3D07A6C7-CE94-4B88-B122-FB79EA3447B8}.Release|x86.Build.0 = Release|Any CPU
		{CCFA571C-680D-476D-A001-E638760B19EB}.Debug|Any CPU.ActiveCfg = Debug|Any CPU
		{CCFA571C-680D-476D-A001-E638760B19EB}.Debug|Any CPU.Build.0 = Debug|Any CPU
		{CCFA571C-680D-476D-A001-E638760B19EB}.Debug|arm64.ActiveCfg = Debug|Any CPU
		{CCFA571C-680D-476D-A001-E638760B19EB}.Debug|arm64.Build.0 = Debug|Any CPU
		{CCFA571C-680D-476D-A001-E638760B19EB}.Debug|x86.ActiveCfg = Debug|Any CPU
		{CCFA571C-680D-476D-A001-E638760B19EB}.Debug|x86.Build.0 = Debug|Any CPU
		{CCFA571C-680D-476D-A001-E638760B19EB}.Release|Any CPU.ActiveCfg = Release|Any CPU
		{CCFA571C-680D-476D-A001-E638760B19EB}.Release|Any CPU.Build.0 = Release|Any CPU
		{CCFA571C-680D-476D-A001-E638760B19EB}.Release|arm64.ActiveCfg = Release|Any CPU
		{CCFA571C-680D-476D-A001-E638760B19EB}.Release|arm64.Build.0 = Release|Any CPU
		{CCFA571C-680D-476D-A001-E638760B19EB}.Release|x86.ActiveCfg = Release|Any CPU
		{CCFA571C-680D-476D-A001-E638760B19EB}.Release|x86.Build.0 = Release|Any CPU
		{2E323164-4C62-4806-9F4F-61D46F8BAA38}.Debug|Any CPU.ActiveCfg = Debug|Any CPU
		{2E323164-4C62-4806-9F4F-61D46F8BAA38}.Debug|Any CPU.Build.0 = Debug|Any CPU
		{2E323164-4C62-4806-9F4F-61D46F8BAA38}.Debug|arm64.ActiveCfg = Debug|Any CPU
		{2E323164-4C62-4806-9F4F-61D46F8BAA38}.Debug|arm64.Build.0 = Debug|Any CPU
		{2E323164-4C62-4806-9F4F-61D46F8BAA38}.Debug|x86.ActiveCfg = Debug|Any CPU
		{2E323164-4C62-4806-9F4F-61D46F8BAA38}.Debug|x86.Build.0 = Debug|Any CPU
		{2E323164-4C62-4806-9F4F-61D46F8BAA38}.Release|Any CPU.ActiveCfg = Release|Any CPU
		{2E323164-4C62-4806-9F4F-61D46F8BAA38}.Release|Any CPU.Build.0 = Release|Any CPU
		{2E323164-4C62-4806-9F4F-61D46F8BAA38}.Release|arm64.ActiveCfg = Release|Any CPU
		{2E323164-4C62-4806-9F4F-61D46F8BAA38}.Release|arm64.Build.0 = Release|Any CPU
		{2E323164-4C62-4806-9F4F-61D46F8BAA38}.Release|x86.ActiveCfg = Release|Any CPU
		{2E323164-4C62-4806-9F4F-61D46F8BAA38}.Release|x86.Build.0 = Release|Any CPU
		{EA03615E-C483-4D77-B92B-97650C7B3F67}.Debug|Any CPU.ActiveCfg = Debug|Any CPU
		{EA03615E-C483-4D77-B92B-97650C7B3F67}.Debug|Any CPU.Build.0 = Debug|Any CPU
		{EA03615E-C483-4D77-B92B-97650C7B3F67}.Debug|arm64.ActiveCfg = Debug|Any CPU
		{EA03615E-C483-4D77-B92B-97650C7B3F67}.Debug|arm64.Build.0 = Debug|Any CPU
		{EA03615E-C483-4D77-B92B-97650C7B3F67}.Debug|x86.ActiveCfg = Debug|Any CPU
		{EA03615E-C483-4D77-B92B-97650C7B3F67}.Debug|x86.Build.0 = Debug|Any CPU
		{EA03615E-C483-4D77-B92B-97650C7B3F67}.Release|Any CPU.ActiveCfg = Release|Any CPU
		{EA03615E-C483-4D77-B92B-97650C7B3F67}.Release|Any CPU.Build.0 = Release|Any CPU
		{EA03615E-C483-4D77-B92B-97650C7B3F67}.Release|arm64.ActiveCfg = Release|Any CPU
		{EA03615E-C483-4D77-B92B-97650C7B3F67}.Release|arm64.Build.0 = Release|Any CPU
		{EA03615E-C483-4D77-B92B-97650C7B3F67}.Release|x86.ActiveCfg = Release|Any CPU
		{EA03615E-C483-4D77-B92B-97650C7B3F67}.Release|x86.Build.0 = Release|Any CPU
		{0DE3B2FC-356E-40A9-8921-D77A3F7CA524}.Debug|Any CPU.ActiveCfg = Debug|Any CPU
		{0DE3B2FC-356E-40A9-8921-D77A3F7CA524}.Debug|Any CPU.Build.0 = Debug|Any CPU
		{0DE3B2FC-356E-40A9-8921-D77A3F7CA524}.Debug|arm64.ActiveCfg = Debug|Any CPU
		{0DE3B2FC-356E-40A9-8921-D77A3F7CA524}.Debug|arm64.Build.0 = Debug|Any CPU
		{0DE3B2FC-356E-40A9-8921-D77A3F7CA524}.Debug|x86.ActiveCfg = Debug|Any CPU
		{0DE3B2FC-356E-40A9-8921-D77A3F7CA524}.Debug|x86.Build.0 = Debug|Any CPU
		{0DE3B2FC-356E-40A9-8921-D77A3F7CA524}.Release|Any CPU.ActiveCfg = Release|Any CPU
		{0DE3B2FC-356E-40A9-8921-D77A3F7CA524}.Release|Any CPU.Build.0 = Release|Any CPU
		{0DE3B2FC-356E-40A9-8921-D77A3F7CA524}.Release|arm64.ActiveCfg = Release|Any CPU
		{0DE3B2FC-356E-40A9-8921-D77A3F7CA524}.Release|arm64.Build.0 = Release|Any CPU
		{0DE3B2FC-356E-40A9-8921-D77A3F7CA524}.Release|x86.ActiveCfg = Release|Any CPU
		{0DE3B2FC-356E-40A9-8921-D77A3F7CA524}.Release|x86.Build.0 = Release|Any CPU
		{737AA7EB-EC9E-4E1E-8E16-67803CB32B67}.Debug|Any CPU.ActiveCfg = Debug|Any CPU
		{737AA7EB-EC9E-4E1E-8E16-67803CB32B67}.Debug|Any CPU.Build.0 = Debug|Any CPU
		{737AA7EB-EC9E-4E1E-8E16-67803CB32B67}.Debug|arm64.ActiveCfg = Debug|Any CPU
		{737AA7EB-EC9E-4E1E-8E16-67803CB32B67}.Debug|arm64.Build.0 = Debug|Any CPU
		{737AA7EB-EC9E-4E1E-8E16-67803CB32B67}.Debug|x86.ActiveCfg = Debug|Any CPU
		{737AA7EB-EC9E-4E1E-8E16-67803CB32B67}.Debug|x86.Build.0 = Debug|Any CPU
		{737AA7EB-EC9E-4E1E-8E16-67803CB32B67}.Release|Any CPU.ActiveCfg = Release|Any CPU
		{737AA7EB-EC9E-4E1E-8E16-67803CB32B67}.Release|Any CPU.Build.0 = Release|Any CPU
		{737AA7EB-EC9E-4E1E-8E16-67803CB32B67}.Release|arm64.ActiveCfg = Release|Any CPU
		{737AA7EB-EC9E-4E1E-8E16-67803CB32B67}.Release|arm64.Build.0 = Release|Any CPU
		{737AA7EB-EC9E-4E1E-8E16-67803CB32B67}.Release|x86.ActiveCfg = Release|Any CPU
		{737AA7EB-EC9E-4E1E-8E16-67803CB32B67}.Release|x86.Build.0 = Release|Any CPU
		{95AE9FC9-1B81-4835-A2BE-547918EA654C}.Debug|Any CPU.ActiveCfg = Debug|Any CPU
		{95AE9FC9-1B81-4835-A2BE-547918EA654C}.Debug|Any CPU.Build.0 = Debug|Any CPU
		{95AE9FC9-1B81-4835-A2BE-547918EA654C}.Debug|arm64.ActiveCfg = Debug|Any CPU
		{95AE9FC9-1B81-4835-A2BE-547918EA654C}.Debug|arm64.Build.0 = Debug|Any CPU
		{95AE9FC9-1B81-4835-A2BE-547918EA654C}.Debug|x86.ActiveCfg = Debug|Any CPU
		{95AE9FC9-1B81-4835-A2BE-547918EA654C}.Debug|x86.Build.0 = Debug|Any CPU
		{95AE9FC9-1B81-4835-A2BE-547918EA654C}.Release|Any CPU.ActiveCfg = Release|Any CPU
		{95AE9FC9-1B81-4835-A2BE-547918EA654C}.Release|Any CPU.Build.0 = Release|Any CPU
		{95AE9FC9-1B81-4835-A2BE-547918EA654C}.Release|arm64.ActiveCfg = Release|Any CPU
		{95AE9FC9-1B81-4835-A2BE-547918EA654C}.Release|arm64.Build.0 = Release|Any CPU
		{95AE9FC9-1B81-4835-A2BE-547918EA654C}.Release|x86.ActiveCfg = Release|Any CPU
		{95AE9FC9-1B81-4835-A2BE-547918EA654C}.Release|x86.Build.0 = Release|Any CPU
		{E6311781-D345-4FFF-8A33-CF283802C93A}.Debug|Any CPU.ActiveCfg = Debug|Any CPU
		{E6311781-D345-4FFF-8A33-CF283802C93A}.Debug|Any CPU.Build.0 = Debug|Any CPU
		{E6311781-D345-4FFF-8A33-CF283802C93A}.Debug|arm64.ActiveCfg = Debug|Any CPU
		{E6311781-D345-4FFF-8A33-CF283802C93A}.Debug|arm64.Build.0 = Debug|Any CPU
		{E6311781-D345-4FFF-8A33-CF283802C93A}.Debug|x86.ActiveCfg = Debug|Any CPU
		{E6311781-D345-4FFF-8A33-CF283802C93A}.Debug|x86.Build.0 = Debug|Any CPU
		{E6311781-D345-4FFF-8A33-CF283802C93A}.Release|Any CPU.ActiveCfg = Release|Any CPU
		{E6311781-D345-4FFF-8A33-CF283802C93A}.Release|Any CPU.Build.0 = Release|Any CPU
		{E6311781-D345-4FFF-8A33-CF283802C93A}.Release|arm64.ActiveCfg = Release|Any CPU
		{E6311781-D345-4FFF-8A33-CF283802C93A}.Release|arm64.Build.0 = Release|Any CPU
		{E6311781-D345-4FFF-8A33-CF283802C93A}.Release|x86.ActiveCfg = Release|Any CPU
		{E6311781-D345-4FFF-8A33-CF283802C93A}.Release|x86.Build.0 = Release|Any CPU
		{C35D89DA-C2A7-4166-92E3-757DD84760A3}.Debug|Any CPU.ActiveCfg = Debug|Any CPU
		{C35D89DA-C2A7-4166-92E3-757DD84760A3}.Debug|Any CPU.Build.0 = Debug|Any CPU
		{C35D89DA-C2A7-4166-92E3-757DD84760A3}.Debug|arm64.ActiveCfg = Debug|Any CPU
		{C35D89DA-C2A7-4166-92E3-757DD84760A3}.Debug|arm64.Build.0 = Debug|Any CPU
		{C35D89DA-C2A7-4166-92E3-757DD84760A3}.Debug|x86.ActiveCfg = Debug|Any CPU
		{C35D89DA-C2A7-4166-92E3-757DD84760A3}.Debug|x86.Build.0 = Debug|Any CPU
		{C35D89DA-C2A7-4166-92E3-757DD84760A3}.Release|Any CPU.ActiveCfg = Release|Any CPU
		{C35D89DA-C2A7-4166-92E3-757DD84760A3}.Release|Any CPU.Build.0 = Release|Any CPU
		{C35D89DA-C2A7-4166-92E3-757DD84760A3}.Release|arm64.ActiveCfg = Release|Any CPU
		{C35D89DA-C2A7-4166-92E3-757DD84760A3}.Release|arm64.Build.0 = Release|Any CPU
		{C35D89DA-C2A7-4166-92E3-757DD84760A3}.Release|x86.ActiveCfg = Release|Any CPU
		{C35D89DA-C2A7-4166-92E3-757DD84760A3}.Release|x86.Build.0 = Release|Any CPU
		{BE3E4ADA-3BB4-4B18-B70D-FF5EF157BFB5}.Debug|Any CPU.ActiveCfg = Debug|Any CPU
		{BE3E4ADA-3BB4-4B18-B70D-FF5EF157BFB5}.Debug|Any CPU.Build.0 = Debug|Any CPU
		{BE3E4ADA-3BB4-4B18-B70D-FF5EF157BFB5}.Debug|arm64.ActiveCfg = Debug|Any CPU
		{BE3E4ADA-3BB4-4B18-B70D-FF5EF157BFB5}.Debug|arm64.Build.0 = Debug|Any CPU
		{BE3E4ADA-3BB4-4B18-B70D-FF5EF157BFB5}.Debug|x86.ActiveCfg = Debug|Any CPU
		{BE3E4ADA-3BB4-4B18-B70D-FF5EF157BFB5}.Debug|x86.Build.0 = Debug|Any CPU
		{BE3E4ADA-3BB4-4B18-B70D-FF5EF157BFB5}.Release|Any CPU.ActiveCfg = Release|Any CPU
		{BE3E4ADA-3BB4-4B18-B70D-FF5EF157BFB5}.Release|Any CPU.Build.0 = Release|Any CPU
		{BE3E4ADA-3BB4-4B18-B70D-FF5EF157BFB5}.Release|arm64.ActiveCfg = Release|Any CPU
		{BE3E4ADA-3BB4-4B18-B70D-FF5EF157BFB5}.Release|arm64.Build.0 = Release|Any CPU
		{BE3E4ADA-3BB4-4B18-B70D-FF5EF157BFB5}.Release|x86.ActiveCfg = Release|Any CPU
		{BE3E4ADA-3BB4-4B18-B70D-FF5EF157BFB5}.Release|x86.Build.0 = Release|Any CPU
		{B25E3185-F883-4D05-A546-FD34643CAD05}.Debug|Any CPU.ActiveCfg = Debug|Any CPU
		{B25E3185-F883-4D05-A546-FD34643CAD05}.Debug|Any CPU.Build.0 = Debug|Any CPU
		{B25E3185-F883-4D05-A546-FD34643CAD05}.Debug|arm64.ActiveCfg = Debug|Any CPU
		{B25E3185-F883-4D05-A546-FD34643CAD05}.Debug|arm64.Build.0 = Debug|Any CPU
		{B25E3185-F883-4D05-A546-FD34643CAD05}.Debug|x86.ActiveCfg = Debug|Any CPU
		{B25E3185-F883-4D05-A546-FD34643CAD05}.Debug|x86.Build.0 = Debug|Any CPU
		{B25E3185-F883-4D05-A546-FD34643CAD05}.Release|Any CPU.ActiveCfg = Release|Any CPU
		{B25E3185-F883-4D05-A546-FD34643CAD05}.Release|Any CPU.Build.0 = Release|Any CPU
		{B25E3185-F883-4D05-A546-FD34643CAD05}.Release|arm64.ActiveCfg = Release|Any CPU
		{B25E3185-F883-4D05-A546-FD34643CAD05}.Release|arm64.Build.0 = Release|Any CPU
		{B25E3185-F883-4D05-A546-FD34643CAD05}.Release|x86.ActiveCfg = Release|Any CPU
		{B25E3185-F883-4D05-A546-FD34643CAD05}.Release|x86.Build.0 = Release|Any CPU
		{D9B3DA58-7CA7-4C0D-8880-EEBA828C9086}.Debug|Any CPU.ActiveCfg = Debug|Any CPU
		{D9B3DA58-7CA7-4C0D-8880-EEBA828C9086}.Debug|Any CPU.Build.0 = Debug|Any CPU
		{D9B3DA58-7CA7-4C0D-8880-EEBA828C9086}.Debug|arm64.ActiveCfg = Debug|Any CPU
		{D9B3DA58-7CA7-4C0D-8880-EEBA828C9086}.Debug|arm64.Build.0 = Debug|Any CPU
		{D9B3DA58-7CA7-4C0D-8880-EEBA828C9086}.Debug|x86.ActiveCfg = Debug|Any CPU
		{D9B3DA58-7CA7-4C0D-8880-EEBA828C9086}.Debug|x86.Build.0 = Debug|Any CPU
		{D9B3DA58-7CA7-4C0D-8880-EEBA828C9086}.Release|Any CPU.ActiveCfg = Release|Any CPU
		{D9B3DA58-7CA7-4C0D-8880-EEBA828C9086}.Release|Any CPU.Build.0 = Release|Any CPU
		{D9B3DA58-7CA7-4C0D-8880-EEBA828C9086}.Release|arm64.ActiveCfg = Release|Any CPU
		{D9B3DA58-7CA7-4C0D-8880-EEBA828C9086}.Release|arm64.Build.0 = Release|Any CPU
		{D9B3DA58-7CA7-4C0D-8880-EEBA828C9086}.Release|x86.ActiveCfg = Release|Any CPU
		{D9B3DA58-7CA7-4C0D-8880-EEBA828C9086}.Release|x86.Build.0 = Release|Any CPU
		{EC93BAA5-8F20-4585-8AA5-9A693C334172}.Debug|Any CPU.ActiveCfg = Debug|Any CPU
		{EC93BAA5-8F20-4585-8AA5-9A693C334172}.Debug|Any CPU.Build.0 = Debug|Any CPU
		{EC93BAA5-8F20-4585-8AA5-9A693C334172}.Debug|arm64.ActiveCfg = Debug|Any CPU
		{EC93BAA5-8F20-4585-8AA5-9A693C334172}.Debug|arm64.Build.0 = Debug|Any CPU
		{EC93BAA5-8F20-4585-8AA5-9A693C334172}.Debug|x86.ActiveCfg = Debug|Any CPU
		{EC93BAA5-8F20-4585-8AA5-9A693C334172}.Debug|x86.Build.0 = Debug|Any CPU
		{EC93BAA5-8F20-4585-8AA5-9A693C334172}.Release|Any CPU.ActiveCfg = Release|Any CPU
		{EC93BAA5-8F20-4585-8AA5-9A693C334172}.Release|Any CPU.Build.0 = Release|Any CPU
		{EC93BAA5-8F20-4585-8AA5-9A693C334172}.Release|arm64.ActiveCfg = Release|Any CPU
		{EC93BAA5-8F20-4585-8AA5-9A693C334172}.Release|arm64.Build.0 = Release|Any CPU
		{EC93BAA5-8F20-4585-8AA5-9A693C334172}.Release|x86.ActiveCfg = Release|Any CPU
		{EC93BAA5-8F20-4585-8AA5-9A693C334172}.Release|x86.Build.0 = Release|Any CPU
		{77E9D2D0-ABC8-40CF-83C0-533B1A81AA34}.Debug|Any CPU.ActiveCfg = Debug|Any CPU
		{77E9D2D0-ABC8-40CF-83C0-533B1A81AA34}.Debug|Any CPU.Build.0 = Debug|Any CPU
		{77E9D2D0-ABC8-40CF-83C0-533B1A81AA34}.Debug|arm64.ActiveCfg = Debug|Any CPU
		{77E9D2D0-ABC8-40CF-83C0-533B1A81AA34}.Debug|arm64.Build.0 = Debug|Any CPU
		{77E9D2D0-ABC8-40CF-83C0-533B1A81AA34}.Debug|x86.ActiveCfg = Debug|Any CPU
		{77E9D2D0-ABC8-40CF-83C0-533B1A81AA34}.Debug|x86.Build.0 = Debug|Any CPU
		{77E9D2D0-ABC8-40CF-83C0-533B1A81AA34}.Release|Any CPU.ActiveCfg = Release|Any CPU
		{77E9D2D0-ABC8-40CF-83C0-533B1A81AA34}.Release|Any CPU.Build.0 = Release|Any CPU
		{77E9D2D0-ABC8-40CF-83C0-533B1A81AA34}.Release|arm64.ActiveCfg = Release|Any CPU
		{77E9D2D0-ABC8-40CF-83C0-533B1A81AA34}.Release|arm64.Build.0 = Release|Any CPU
		{77E9D2D0-ABC8-40CF-83C0-533B1A81AA34}.Release|x86.ActiveCfg = Release|Any CPU
		{77E9D2D0-ABC8-40CF-83C0-533B1A81AA34}.Release|x86.Build.0 = Release|Any CPU
		{DFC19F68-16D3-4E79-A7AF-AA5CD7F57CD6}.Debug|Any CPU.ActiveCfg = Debug|Any CPU
		{DFC19F68-16D3-4E79-A7AF-AA5CD7F57CD6}.Debug|Any CPU.Build.0 = Debug|Any CPU
		{DFC19F68-16D3-4E79-A7AF-AA5CD7F57CD6}.Debug|arm64.ActiveCfg = Debug|Any CPU
		{DFC19F68-16D3-4E79-A7AF-AA5CD7F57CD6}.Debug|arm64.Build.0 = Debug|Any CPU
		{DFC19F68-16D3-4E79-A7AF-AA5CD7F57CD6}.Debug|x86.ActiveCfg = Debug|Any CPU
		{DFC19F68-16D3-4E79-A7AF-AA5CD7F57CD6}.Debug|x86.Build.0 = Debug|Any CPU
		{DFC19F68-16D3-4E79-A7AF-AA5CD7F57CD6}.Release|Any CPU.ActiveCfg = Release|Any CPU
		{DFC19F68-16D3-4E79-A7AF-AA5CD7F57CD6}.Release|Any CPU.Build.0 = Release|Any CPU
		{DFC19F68-16D3-4E79-A7AF-AA5CD7F57CD6}.Release|arm64.ActiveCfg = Release|Any CPU
		{DFC19F68-16D3-4E79-A7AF-AA5CD7F57CD6}.Release|arm64.Build.0 = Release|Any CPU
		{DFC19F68-16D3-4E79-A7AF-AA5CD7F57CD6}.Release|x86.ActiveCfg = Release|Any CPU
		{DFC19F68-16D3-4E79-A7AF-AA5CD7F57CD6}.Release|x86.Build.0 = Release|Any CPU
		{20FD0A6D-8BA9-4B0A-B286-A1EEC3740308}.Debug|Any CPU.ActiveCfg = Debug|Any CPU
		{20FD0A6D-8BA9-4B0A-B286-A1EEC3740308}.Debug|Any CPU.Build.0 = Debug|Any CPU
		{20FD0A6D-8BA9-4B0A-B286-A1EEC3740308}.Debug|arm64.ActiveCfg = Debug|Any CPU
		{20FD0A6D-8BA9-4B0A-B286-A1EEC3740308}.Debug|arm64.Build.0 = Debug|Any CPU
		{20FD0A6D-8BA9-4B0A-B286-A1EEC3740308}.Debug|x86.ActiveCfg = Debug|Any CPU
		{20FD0A6D-8BA9-4B0A-B286-A1EEC3740308}.Debug|x86.Build.0 = Debug|Any CPU
		{20FD0A6D-8BA9-4B0A-B286-A1EEC3740308}.Release|Any CPU.ActiveCfg = Release|Any CPU
		{20FD0A6D-8BA9-4B0A-B286-A1EEC3740308}.Release|Any CPU.Build.0 = Release|Any CPU
		{20FD0A6D-8BA9-4B0A-B286-A1EEC3740308}.Release|arm64.ActiveCfg = Release|Any CPU
		{20FD0A6D-8BA9-4B0A-B286-A1EEC3740308}.Release|arm64.Build.0 = Release|Any CPU
		{20FD0A6D-8BA9-4B0A-B286-A1EEC3740308}.Release|x86.ActiveCfg = Release|Any CPU
		{20FD0A6D-8BA9-4B0A-B286-A1EEC3740308}.Release|x86.Build.0 = Release|Any CPU
		{3046164A-7C14-48E5-A527-001CE24C81A3}.Debug|Any CPU.ActiveCfg = Debug|Any CPU
		{3046164A-7C14-48E5-A527-001CE24C81A3}.Debug|Any CPU.Build.0 = Debug|Any CPU
		{3046164A-7C14-48E5-A527-001CE24C81A3}.Debug|arm64.ActiveCfg = Debug|Any CPU
		{3046164A-7C14-48E5-A527-001CE24C81A3}.Debug|arm64.Build.0 = Debug|Any CPU
		{3046164A-7C14-48E5-A527-001CE24C81A3}.Debug|x86.ActiveCfg = Debug|Any CPU
		{3046164A-7C14-48E5-A527-001CE24C81A3}.Debug|x86.Build.0 = Debug|Any CPU
		{3046164A-7C14-48E5-A527-001CE24C81A3}.Release|Any CPU.ActiveCfg = Release|Any CPU
		{3046164A-7C14-48E5-A527-001CE24C81A3}.Release|Any CPU.Build.0 = Release|Any CPU
		{3046164A-7C14-48E5-A527-001CE24C81A3}.Release|arm64.ActiveCfg = Release|Any CPU
		{3046164A-7C14-48E5-A527-001CE24C81A3}.Release|arm64.Build.0 = Release|Any CPU
		{3046164A-7C14-48E5-A527-001CE24C81A3}.Release|x86.ActiveCfg = Release|Any CPU
		{3046164A-7C14-48E5-A527-001CE24C81A3}.Release|x86.Build.0 = Release|Any CPU
		{A232E1B0-B627-4520-BB8A-BADC391713B2}.Debug|Any CPU.ActiveCfg = Debug|Any CPU
		{A232E1B0-B627-4520-BB8A-BADC391713B2}.Debug|Any CPU.Build.0 = Debug|Any CPU
		{A232E1B0-B627-4520-BB8A-BADC391713B2}.Debug|arm64.ActiveCfg = Debug|Any CPU
		{A232E1B0-B627-4520-BB8A-BADC391713B2}.Debug|arm64.Build.0 = Debug|Any CPU
		{A232E1B0-B627-4520-BB8A-BADC391713B2}.Debug|x86.ActiveCfg = Debug|Any CPU
		{A232E1B0-B627-4520-BB8A-BADC391713B2}.Debug|x86.Build.0 = Debug|Any CPU
		{A232E1B0-B627-4520-BB8A-BADC391713B2}.Release|Any CPU.ActiveCfg = Release|Any CPU
		{A232E1B0-B627-4520-BB8A-BADC391713B2}.Release|Any CPU.Build.0 = Release|Any CPU
		{A232E1B0-B627-4520-BB8A-BADC391713B2}.Release|arm64.ActiveCfg = Release|Any CPU
		{A232E1B0-B627-4520-BB8A-BADC391713B2}.Release|arm64.Build.0 = Release|Any CPU
		{A232E1B0-B627-4520-BB8A-BADC391713B2}.Release|x86.ActiveCfg = Release|Any CPU
		{A232E1B0-B627-4520-BB8A-BADC391713B2}.Release|x86.Build.0 = Release|Any CPU
		{CBF3FD90-EF7A-46C2-8849-F843B935516A}.Debug|Any CPU.ActiveCfg = Debug|Any CPU
		{CBF3FD90-EF7A-46C2-8849-F843B935516A}.Debug|Any CPU.Build.0 = Debug|Any CPU
		{CBF3FD90-EF7A-46C2-8849-F843B935516A}.Debug|arm64.ActiveCfg = Debug|Any CPU
		{CBF3FD90-EF7A-46C2-8849-F843B935516A}.Debug|arm64.Build.0 = Debug|Any CPU
		{CBF3FD90-EF7A-46C2-8849-F843B935516A}.Debug|x86.ActiveCfg = Debug|Any CPU
		{CBF3FD90-EF7A-46C2-8849-F843B935516A}.Debug|x86.Build.0 = Debug|Any CPU
		{CBF3FD90-EF7A-46C2-8849-F843B935516A}.Release|Any CPU.ActiveCfg = Release|Any CPU
		{CBF3FD90-EF7A-46C2-8849-F843B935516A}.Release|Any CPU.Build.0 = Release|Any CPU
		{CBF3FD90-EF7A-46C2-8849-F843B935516A}.Release|arm64.ActiveCfg = Release|Any CPU
		{CBF3FD90-EF7A-46C2-8849-F843B935516A}.Release|arm64.Build.0 = Release|Any CPU
		{CBF3FD90-EF7A-46C2-8849-F843B935516A}.Release|x86.ActiveCfg = Release|Any CPU
		{CBF3FD90-EF7A-46C2-8849-F843B935516A}.Release|x86.Build.0 = Release|Any CPU
		{B612D4FA-0D0D-42B6-9915-AEBCF50CA9E6}.Debug|Any CPU.ActiveCfg = Debug|Any CPU
		{B612D4FA-0D0D-42B6-9915-AEBCF50CA9E6}.Debug|Any CPU.Build.0 = Debug|Any CPU
		{B612D4FA-0D0D-42B6-9915-AEBCF50CA9E6}.Debug|arm64.ActiveCfg = Debug|Any CPU
		{B612D4FA-0D0D-42B6-9915-AEBCF50CA9E6}.Debug|arm64.Build.0 = Debug|Any CPU
		{B612D4FA-0D0D-42B6-9915-AEBCF50CA9E6}.Debug|x86.ActiveCfg = Debug|Any CPU
		{B612D4FA-0D0D-42B6-9915-AEBCF50CA9E6}.Debug|x86.Build.0 = Debug|Any CPU
		{B612D4FA-0D0D-42B6-9915-AEBCF50CA9E6}.Release|Any CPU.ActiveCfg = Release|Any CPU
		{B612D4FA-0D0D-42B6-9915-AEBCF50CA9E6}.Release|Any CPU.Build.0 = Release|Any CPU
		{B612D4FA-0D0D-42B6-9915-AEBCF50CA9E6}.Release|arm64.ActiveCfg = Release|Any CPU
		{B612D4FA-0D0D-42B6-9915-AEBCF50CA9E6}.Release|arm64.Build.0 = Release|Any CPU
		{B612D4FA-0D0D-42B6-9915-AEBCF50CA9E6}.Release|x86.ActiveCfg = Release|Any CPU
		{B612D4FA-0D0D-42B6-9915-AEBCF50CA9E6}.Release|x86.Build.0 = Release|Any CPU
		{CE49FA9C-4B3C-48DA-8AC8-B2B51050DBA8}.Debug|Any CPU.ActiveCfg = Debug|Any CPU
		{CE49FA9C-4B3C-48DA-8AC8-B2B51050DBA8}.Debug|Any CPU.Build.0 = Debug|Any CPU
		{CE49FA9C-4B3C-48DA-8AC8-B2B51050DBA8}.Debug|arm64.ActiveCfg = Debug|Any CPU
		{CE49FA9C-4B3C-48DA-8AC8-B2B51050DBA8}.Debug|arm64.Build.0 = Debug|Any CPU
		{CE49FA9C-4B3C-48DA-8AC8-B2B51050DBA8}.Debug|x86.ActiveCfg = Debug|Any CPU
		{CE49FA9C-4B3C-48DA-8AC8-B2B51050DBA8}.Debug|x86.Build.0 = Debug|Any CPU
		{CE49FA9C-4B3C-48DA-8AC8-B2B51050DBA8}.Release|Any CPU.ActiveCfg = Release|Any CPU
		{CE49FA9C-4B3C-48DA-8AC8-B2B51050DBA8}.Release|Any CPU.Build.0 = Release|Any CPU
		{CE49FA9C-4B3C-48DA-8AC8-B2B51050DBA8}.Release|arm64.ActiveCfg = Release|Any CPU
		{CE49FA9C-4B3C-48DA-8AC8-B2B51050DBA8}.Release|arm64.Build.0 = Release|Any CPU
		{CE49FA9C-4B3C-48DA-8AC8-B2B51050DBA8}.Release|x86.ActiveCfg = Release|Any CPU
		{CE49FA9C-4B3C-48DA-8AC8-B2B51050DBA8}.Release|x86.Build.0 = Release|Any CPU
		{BEFB1F5C-0F0C-4C1E-8C7B-5172CD3C32E8}.Debug|Any CPU.ActiveCfg = Debug|Any CPU
		{BEFB1F5C-0F0C-4C1E-8C7B-5172CD3C32E8}.Debug|Any CPU.Build.0 = Debug|Any CPU
		{BEFB1F5C-0F0C-4C1E-8C7B-5172CD3C32E8}.Debug|arm64.ActiveCfg = Debug|Any CPU
		{BEFB1F5C-0F0C-4C1E-8C7B-5172CD3C32E8}.Debug|arm64.Build.0 = Debug|Any CPU
		{BEFB1F5C-0F0C-4C1E-8C7B-5172CD3C32E8}.Debug|x86.ActiveCfg = Debug|Any CPU
		{BEFB1F5C-0F0C-4C1E-8C7B-5172CD3C32E8}.Debug|x86.Build.0 = Debug|Any CPU
		{BEFB1F5C-0F0C-4C1E-8C7B-5172CD3C32E8}.Release|Any CPU.ActiveCfg = Release|Any CPU
		{BEFB1F5C-0F0C-4C1E-8C7B-5172CD3C32E8}.Release|Any CPU.Build.0 = Release|Any CPU
		{BEFB1F5C-0F0C-4C1E-8C7B-5172CD3C32E8}.Release|arm64.ActiveCfg = Release|Any CPU
		{BEFB1F5C-0F0C-4C1E-8C7B-5172CD3C32E8}.Release|arm64.Build.0 = Release|Any CPU
		{BEFB1F5C-0F0C-4C1E-8C7B-5172CD3C32E8}.Release|x86.ActiveCfg = Release|Any CPU
		{BEFB1F5C-0F0C-4C1E-8C7B-5172CD3C32E8}.Release|x86.Build.0 = Release|Any CPU
		{5B2F143C-CDF1-4343-BAB9-BA0FE7D6441B}.Debug|Any CPU.ActiveCfg = Debug|Any CPU
		{5B2F143C-CDF1-4343-BAB9-BA0FE7D6441B}.Debug|Any CPU.Build.0 = Debug|Any CPU
		{5B2F143C-CDF1-4343-BAB9-BA0FE7D6441B}.Debug|Any CPU.Deploy.0 = Debug|Any CPU
		{5B2F143C-CDF1-4343-BAB9-BA0FE7D6441B}.Debug|arm64.ActiveCfg = Debug|Any CPU
		{5B2F143C-CDF1-4343-BAB9-BA0FE7D6441B}.Debug|arm64.Build.0 = Debug|Any CPU
		{5B2F143C-CDF1-4343-BAB9-BA0FE7D6441B}.Debug|arm64.Deploy.0 = Debug|Any CPU
		{5B2F143C-CDF1-4343-BAB9-BA0FE7D6441B}.Debug|x86.ActiveCfg = Debug|Any CPU
		{5B2F143C-CDF1-4343-BAB9-BA0FE7D6441B}.Debug|x86.Build.0 = Debug|Any CPU
		{5B2F143C-CDF1-4343-BAB9-BA0FE7D6441B}.Debug|x86.Deploy.0 = Debug|Any CPU
		{5B2F143C-CDF1-4343-BAB9-BA0FE7D6441B}.Release|Any CPU.ActiveCfg = Release|Any CPU
		{5B2F143C-CDF1-4343-BAB9-BA0FE7D6441B}.Release|Any CPU.Build.0 = Release|Any CPU
		{5B2F143C-CDF1-4343-BAB9-BA0FE7D6441B}.Release|Any CPU.Deploy.0 = Release|Any CPU
		{5B2F143C-CDF1-4343-BAB9-BA0FE7D6441B}.Release|arm64.ActiveCfg = Release|Any CPU
		{5B2F143C-CDF1-4343-BAB9-BA0FE7D6441B}.Release|arm64.Build.0 = Release|Any CPU
		{5B2F143C-CDF1-4343-BAB9-BA0FE7D6441B}.Release|arm64.Deploy.0 = Release|Any CPU
		{5B2F143C-CDF1-4343-BAB9-BA0FE7D6441B}.Release|x86.ActiveCfg = Release|Any CPU
		{5B2F143C-CDF1-4343-BAB9-BA0FE7D6441B}.Release|x86.Build.0 = Release|Any CPU
		{5B2F143C-CDF1-4343-BAB9-BA0FE7D6441B}.Release|x86.Deploy.0 = Release|Any CPU
		{E39DECF0-C578-4CB0-8049-4CE6E02F2B8F}.Debug|Any CPU.ActiveCfg = Debug|Any CPU
		{E39DECF0-C578-4CB0-8049-4CE6E02F2B8F}.Debug|Any CPU.Build.0 = Debug|Any CPU
		{E39DECF0-C578-4CB0-8049-4CE6E02F2B8F}.Debug|arm64.ActiveCfg = Debug|Any CPU
		{E39DECF0-C578-4CB0-8049-4CE6E02F2B8F}.Debug|arm64.Build.0 = Debug|Any CPU
		{E39DECF0-C578-4CB0-8049-4CE6E02F2B8F}.Debug|x86.ActiveCfg = Debug|Any CPU
		{E39DECF0-C578-4CB0-8049-4CE6E02F2B8F}.Debug|x86.Build.0 = Debug|Any CPU
		{E39DECF0-C578-4CB0-8049-4CE6E02F2B8F}.Release|Any CPU.ActiveCfg = Release|Any CPU
		{E39DECF0-C578-4CB0-8049-4CE6E02F2B8F}.Release|Any CPU.Build.0 = Release|Any CPU
		{E39DECF0-C578-4CB0-8049-4CE6E02F2B8F}.Release|arm64.ActiveCfg = Release|Any CPU
		{E39DECF0-C578-4CB0-8049-4CE6E02F2B8F}.Release|arm64.Build.0 = Release|Any CPU
		{E39DECF0-C578-4CB0-8049-4CE6E02F2B8F}.Release|x86.ActiveCfg = Release|Any CPU
		{E39DECF0-C578-4CB0-8049-4CE6E02F2B8F}.Release|x86.Build.0 = Release|Any CPU
		{5DF49C92-3FAE-4947-A88D-105759911E41}.Debug|Any CPU.ActiveCfg = Debug|Any CPU
		{5DF49C92-3FAE-4947-A88D-105759911E41}.Debug|Any CPU.Build.0 = Debug|Any CPU
		{5DF49C92-3FAE-4947-A88D-105759911E41}.Debug|arm64.ActiveCfg = Debug|Any CPU
		{5DF49C92-3FAE-4947-A88D-105759911E41}.Debug|arm64.Build.0 = Debug|Any CPU
		{5DF49C92-3FAE-4947-A88D-105759911E41}.Debug|x86.ActiveCfg = Debug|Any CPU
		{5DF49C92-3FAE-4947-A88D-105759911E41}.Debug|x86.Build.0 = Debug|Any CPU
		{5DF49C92-3FAE-4947-A88D-105759911E41}.Release|Any CPU.ActiveCfg = Release|Any CPU
		{5DF49C92-3FAE-4947-A88D-105759911E41}.Release|Any CPU.Build.0 = Release|Any CPU
		{5DF49C92-3FAE-4947-A88D-105759911E41}.Release|arm64.ActiveCfg = Release|Any CPU
		{5DF49C92-3FAE-4947-A88D-105759911E41}.Release|arm64.Build.0 = Release|Any CPU
		{5DF49C92-3FAE-4947-A88D-105759911E41}.Release|x86.ActiveCfg = Release|Any CPU
		{5DF49C92-3FAE-4947-A88D-105759911E41}.Release|x86.Build.0 = Release|Any CPU
		{D7825300-7B83-4AAD-8E56-7C767E188E54}.Debug|Any CPU.ActiveCfg = Debug|Any CPU
		{D7825300-7B83-4AAD-8E56-7C767E188E54}.Debug|Any CPU.Build.0 = Debug|Any CPU
		{D7825300-7B83-4AAD-8E56-7C767E188E54}.Debug|arm64.ActiveCfg = Debug|Any CPU
		{D7825300-7B83-4AAD-8E56-7C767E188E54}.Debug|arm64.Build.0 = Debug|Any CPU
		{D7825300-7B83-4AAD-8E56-7C767E188E54}.Debug|x86.ActiveCfg = Debug|Any CPU
		{D7825300-7B83-4AAD-8E56-7C767E188E54}.Debug|x86.Build.0 = Debug|Any CPU
		{D7825300-7B83-4AAD-8E56-7C767E188E54}.Release|Any CPU.ActiveCfg = Release|Any CPU
		{D7825300-7B83-4AAD-8E56-7C767E188E54}.Release|Any CPU.Build.0 = Release|Any CPU
		{D7825300-7B83-4AAD-8E56-7C767E188E54}.Release|arm64.ActiveCfg = Release|Any CPU
		{D7825300-7B83-4AAD-8E56-7C767E188E54}.Release|arm64.Build.0 = Release|Any CPU
		{D7825300-7B83-4AAD-8E56-7C767E188E54}.Release|x86.ActiveCfg = Release|Any CPU
		{D7825300-7B83-4AAD-8E56-7C767E188E54}.Release|x86.Build.0 = Release|Any CPU
		{E45268EE-8B35-454B-ACFB-9D0D27F13D32}.Debug|Any CPU.ActiveCfg = Debug|Any CPU
		{E45268EE-8B35-454B-ACFB-9D0D27F13D32}.Debug|Any CPU.Build.0 = Debug|Any CPU
		{E45268EE-8B35-454B-ACFB-9D0D27F13D32}.Debug|arm64.ActiveCfg = Debug|Any CPU
		{E45268EE-8B35-454B-ACFB-9D0D27F13D32}.Debug|arm64.Build.0 = Debug|Any CPU
		{E45268EE-8B35-454B-ACFB-9D0D27F13D32}.Debug|x86.ActiveCfg = Debug|Any CPU
		{E45268EE-8B35-454B-ACFB-9D0D27F13D32}.Debug|x86.Build.0 = Debug|Any CPU
		{E45268EE-8B35-454B-ACFB-9D0D27F13D32}.Release|Any CPU.ActiveCfg = Release|Any CPU
		{E45268EE-8B35-454B-ACFB-9D0D27F13D32}.Release|Any CPU.Build.0 = Release|Any CPU
		{E45268EE-8B35-454B-ACFB-9D0D27F13D32}.Release|arm64.ActiveCfg = Release|Any CPU
		{E45268EE-8B35-454B-ACFB-9D0D27F13D32}.Release|arm64.Build.0 = Release|Any CPU
		{E45268EE-8B35-454B-ACFB-9D0D27F13D32}.Release|x86.ActiveCfg = Release|Any CPU
		{E45268EE-8B35-454B-ACFB-9D0D27F13D32}.Release|x86.Build.0 = Release|Any CPU
		{B568C002-2EE8-495D-AAD4-A4E800D1E772}.Debug|Any CPU.ActiveCfg = Debug|Any CPU
		{B568C002-2EE8-495D-AAD4-A4E800D1E772}.Debug|Any CPU.Build.0 = Debug|Any CPU
		{B568C002-2EE8-495D-AAD4-A4E800D1E772}.Debug|arm64.ActiveCfg = Debug|Any CPU
		{B568C002-2EE8-495D-AAD4-A4E800D1E772}.Debug|arm64.Build.0 = Debug|Any CPU
		{B568C002-2EE8-495D-AAD4-A4E800D1E772}.Debug|x86.ActiveCfg = Debug|Any CPU
		{B568C002-2EE8-495D-AAD4-A4E800D1E772}.Debug|x86.Build.0 = Debug|Any CPU
		{B568C002-2EE8-495D-AAD4-A4E800D1E772}.Release|Any CPU.ActiveCfg = Release|Any CPU
		{B568C002-2EE8-495D-AAD4-A4E800D1E772}.Release|Any CPU.Build.0 = Release|Any CPU
		{B568C002-2EE8-495D-AAD4-A4E800D1E772}.Release|arm64.ActiveCfg = Release|Any CPU
		{B568C002-2EE8-495D-AAD4-A4E800D1E772}.Release|arm64.Build.0 = Release|Any CPU
		{B568C002-2EE8-495D-AAD4-A4E800D1E772}.Release|x86.ActiveCfg = Release|Any CPU
		{B568C002-2EE8-495D-AAD4-A4E800D1E772}.Release|x86.Build.0 = Release|Any CPU
	EndGlobalSection
	GlobalSection(SolutionProperties) = preSolution
		HideSolutionNode = FALSE
	EndGlobalSection
	GlobalSection(NestedProjects) = preSolution
		{71CEEB73-880E-4F66-ACE8-71C70F8908A6} = {C6F566E8-2ADB-4287-BBAD-2AAEBB0407CB}
		{7EC6D0DB-11C4-4700-8608-C1A316FAFE29} = {2FEFA688-3637-4B84-A85A-FF731D2E5CA8}
		{7F334808-AE12-4A72-887A-BD10DBD5E9E8} = {451F9DF4-6944-4B9F-A135-0B1A465881BE}
		{C217762C-F634-41FD-B575-1DDCB7718680} = {EB55D71D-570E-4DF7-A2EE-6EB78CD90BCA}
		{3D07A6C7-CE94-4B88-B122-FB79EA3447B8} = {C217762C-F634-41FD-B575-1DDCB7718680}
		{CCFA571C-680D-476D-A001-E638760B19EB} = {C217762C-F634-41FD-B575-1DDCB7718680}
		{2E323164-4C62-4806-9F4F-61D46F8BAA38} = {C217762C-F634-41FD-B575-1DDCB7718680}
		{EA03615E-C483-4D77-B92B-97650C7B3F67} = {C217762C-F634-41FD-B575-1DDCB7718680}
		{0DE3B2FC-356E-40A9-8921-D77A3F7CA524} = {7F334808-AE12-4A72-887A-BD10DBD5E9E8}
		{737AA7EB-EC9E-4E1E-8E16-67803CB32B67} = {7F334808-AE12-4A72-887A-BD10DBD5E9E8}
		{95AE9FC9-1B81-4835-A2BE-547918EA654C} = {7F334808-AE12-4A72-887A-BD10DBD5E9E8}
		{363A03EF-2CC2-459E-A9B9-2C33BBE8D31C} = {2FEFA688-3637-4B84-A85A-FF731D2E5CA8}
		{7C481EF2-69AB-42CF-AA4D-7E2A48C06BC6} = {451F9DF4-6944-4B9F-A135-0B1A465881BE}
		{E6311781-D345-4FFF-8A33-CF283802C93A} = {7C481EF2-69AB-42CF-AA4D-7E2A48C06BC6}
		{C35D89DA-C2A7-4166-92E3-757DD84760A3} = {363A03EF-2CC2-459E-A9B9-2C33BBE8D31C}
		{BE3E4ADA-3BB4-4B18-B70D-FF5EF157BFB5} = {363A03EF-2CC2-459E-A9B9-2C33BBE8D31C}
		{B25E3185-F883-4D05-A546-FD34643CAD05} = {DBB165A9-32E7-4994-9C41-099AE4E18C56}
		{DBB165A9-32E7-4994-9C41-099AE4E18C56} = {EB55D71D-570E-4DF7-A2EE-6EB78CD90BCA}
		{D9B3DA58-7CA7-4C0D-8880-EEBA828C9086} = {4882A8AF-8236-4EDD-AD0A-4BA9F8C11BEE}
		{1D7794CC-4F70-44A9-9D67-5D5F5AE99E98} = {451F9DF4-6944-4B9F-A135-0B1A465881BE}
		{EC93BAA5-8F20-4585-8AA5-9A693C334172} = {1D7794CC-4F70-44A9-9D67-5D5F5AE99E98}
		{C3CBC46E-D210-46A0-AFF0-C701E6B679BC} = {1482C2C1-09FB-4E2E-884E-53B1128B5061}
		{77E9D2D0-ABC8-40CF-83C0-533B1A81AA34} = {C3CBC46E-D210-46A0-AFF0-C701E6B679BC}
		{DFC19F68-16D3-4E79-A7AF-AA5CD7F57CD6} = {92FA2582-1B66-4EA9-90A9-0BC6E6717324}
		{20FD0A6D-8BA9-4B0A-B286-A1EEC3740308} = {92FA2582-1B66-4EA9-90A9-0BC6E6717324}
		{02EA681E-C7D8-13C7-8484-4AC65E1B71E8} = {92FA2582-1B66-4EA9-90A9-0BC6E6717324}
		{3046164A-7C14-48E5-A527-001CE24C81A3} = {02EA681E-C7D8-13C7-8484-4AC65E1B71E8}
		{4F0CC9F7-2D91-47D6-9B76-E3663F371117} = {92FA2582-1B66-4EA9-90A9-0BC6E6717324}
		{A232E1B0-B627-4520-BB8A-BADC391713B2} = {4F0CC9F7-2D91-47D6-9B76-E3663F371117}
		{54B9DD5D-CDE7-441F-A5CB-77989D3447B6} = {92FA2582-1B66-4EA9-90A9-0BC6E6717324}
		{CBF3FD90-EF7A-46C2-8849-F843B935516A} = {54B9DD5D-CDE7-441F-A5CB-77989D3447B6}
		{B612D4FA-0D0D-42B6-9915-AEBCF50CA9E6} = {4F0CC9F7-2D91-47D6-9B76-E3663F371117}
		{CE49FA9C-4B3C-48DA-8AC8-B2B51050DBA8} = {4F0CC9F7-2D91-47D6-9B76-E3663F371117}
		{BEFB1F5C-0F0C-4C1E-8C7B-5172CD3C32E8} = {CC8FA64A-26EF-4E71-936F-BA02A8DAB449}
		{5B2F143C-CDF1-4343-BAB9-BA0FE7D6441B} = {CC8FA64A-26EF-4E71-936F-BA02A8DAB449}
		{E39DECF0-C578-4CB0-8049-4CE6E02F2B8F} = {CC8FA64A-26EF-4E71-936F-BA02A8DAB449}
		{5DF49C92-3FAE-4947-A88D-105759911E41} = {CC8FA64A-26EF-4E71-936F-BA02A8DAB449}
		{CC8FA64A-26EF-4E71-936F-BA02A8DAB449} = {4F0CC9F7-2D91-47D6-9B76-E3663F371117}
		{D7825300-7B83-4AAD-8E56-7C767E188E54} = {2FEFA688-3637-4B84-A85A-FF731D2E5CA8}
		{E45268EE-8B35-454B-ACFB-9D0D27F13D32} = {2FEFA688-3637-4B84-A85A-FF731D2E5CA8}
		{B568C002-2EE8-495D-AAD4-A4E800D1E772} = {75CCB57C-6DDF-4567-941D-C6A83C50411F}
		{75CCB57C-6DDF-4567-941D-C6A83C50411F} = {2FEFA688-3637-4B84-A85A-FF731D2E5CA8}
	EndGlobalSection
	GlobalSection(ExtensibilityGlobals) = postSolution
		SolutionGuid = {EA45D023-D6E4-4130-8C5A-3BC632A4BF55}
	EndGlobalSection
EndGlobal
