
Microsoft Visual Studio Solution File, Format Version 12.00
# Visual Studio 15
Project("{FAE04EC0-301F-11D3-BF4B-00C04F79EFBC}") = "WorldTree.Core", "WorldTree.Core.csproj", "{5E34D762-F009-1C9B-3359-DA8578BC2462}"
EndProject
Project("{FAE04EC0-301F-11D3-BF4B-00C04F79EFBC}") = "Assembly-CSharp", "Assembly-CSharp.csproj", "{CD8C9303-404B-FB8D-6B9B-21988D5CAC0A}"
EndProject
Project("{FAE04EC0-301F-11D3-BF4B-00C04F79EFBC}") = "WorldTree.NodeUnity", "WorldTree.NodeUnity.csproj", "{87D7A9A4-9501-ED3F-257D-B606468CC860}"
EndProject
Project("{FAE04EC0-301F-11D3-BF4B-00C04F79EFBC}") = "WorldTree.CoreUnity", "WorldTree.CoreUnity.csproj", "{CCAAEB54-E5BE-7998-5D51-E704B3DB0E9A}"
EndProject
Project("{FAE04EC0-301F-11D3-BF4B-00C04F79EFBC}") = "MemoryPack", "MemoryPack.csproj", "{D64A24C6-5A8B-12A3-8D20-3509617AE294}"
EndProject
Project("{FAE04EC0-301F-11D3-BF4B-00C04F79EFBC}") = "WorldTree.RuleUnity", "WorldTree.RuleUnity.csproj", "{C5203975-51CB-FD0D-CE85-3FB4249C96BC}"
EndProject
Project("{FAE04EC0-301F-11D3-BF4B-00C04F79EFBC}") = "UniFramework.Machine", "UniFramework.Machine.csproj", "{DDAE7AF7-E9B8-7938-F31E-4720C55E3FF8}"
EndProject
Project("{FAE04EC0-301F-11D3-BF4B-00C04F79EFBC}") = "HotUpdate", "HotUpdate.csproj", "{E08E16CA-3A74-25C0-DA34-103051062683}"
EndProject
Project("{FAE04EC0-301F-11D3-BF4B-00C04F79EFBC}") = "UniFramework.Event", "UniFramework.Event.csproj", "{1615337F-3C01-980B-7784-3454848F0AE8}"
EndProject
Project("{FAE04EC0-301F-11D3-BF4B-00C04F79EFBC}") = "WorldTree.Rule", "WorldTree.Rule.csproj", "{ED3E2C28-BFB8-82E2-44AE-BA5579F582B9}"
EndProject
Project("{FAE04EC0-301F-11D3-BF4B-00C04F79EFBC}") = "UniFramework.Utility", "UniFramework.Utility.csproj", "{39887015-4656-1AD3-6137-37EA8E58EC85}"
EndProject
Project("{FAE04EC0-301F-11D3-BF4B-00C04F79EFBC}") = "Sirenix.OdinInspector.CompatibilityLayer", "Sirenix.OdinInspector.CompatibilityLayer.csproj", "{E387569F-725F-F5C8-517B-584709B7D5D8}"
EndProject
Project("{FAE04EC0-301F-11D3-BF4B-00C04F79EFBC}") = "WorldTree.Node", "WorldTree.Node.csproj", "{1022309A-A609-51BF-E1EC-4DF4D148FD42}"
EndProject
Project("{FAE04EC0-301F-11D3-BF4B-00C04F79EFBC}") = "WorldTree.EditorUnity", "WorldTree.EditorUnity.csproj", "{10EDEBF6-0383-482E-16B3-BB558877F9B0}"
EndProject
Project("{FAE04EC0-301F-11D3-BF4B-00C04F79EFBC}") = "Sirenix.OdinInspector.CompatibilityLayer.Editor", "Sirenix.OdinInspector.CompatibilityLayer.Editor.csproj", "{686145E0-A51B-685E-EF99-A1034C8B63AB}"
EndProject
Project("{FAE04EC0-301F-11D3-BF4B-00C04F79EFBC}") = "Assembly-CSharp-Editor", "Assembly-CSharp-Editor.csproj", "{6311E6C6-0A20-383B-320B-694068DE37A5}"
EndProject
Project("{FAE04EC0-301F-11D3-BF4B-00C04F79EFBC}") = "Sirenix.OdinInspector.Modules.UnityMathematics", "Sirenix.OdinInspector.Modules.UnityMathematics.csproj", "{E41DDF56-3676-7520-3B3D-021F8DBA6BFA}"
EndProject
Global
	GlobalSection(SolutionConfigurationPlatforms) = preSolution
		Debug|Any CPU = Debug|Any CPU
		Release|Any CPU = Release|Any CPU
	EndGlobalSection
	GlobalSection(ProjectConfigurationPlatforms) = postSolution
		{5E34D762-F009-1C9B-3359-DA8578BC2462}.Debug|Any CPU.ActiveCfg = Debug|Any CPU
		{5E34D762-F009-1C9B-3359-DA8578BC2462}.Debug|Any CPU.Build.0 = Debug|Any CPU
		{5E34D762-F009-1C9B-3359-DA8578BC2462}.Release|Any CPU.ActiveCfg = Release|Any CPU
		{5E34D762-F009-1C9B-3359-DA8578BC2462}.Release|Any CPU.Build.0 = Release|Any CPU
		{CD8C9303-404B-FB8D-6B9B-21988D5CAC0A}.Debug|Any CPU.ActiveCfg = Debug|Any CPU
		{CD8C9303-404B-FB8D-6B9B-21988D5CAC0A}.Debug|Any CPU.Build.0 = Debug|Any CPU
		{CD8C9303-404B-FB8D-6B9B-21988D5CAC0A}.Release|Any CPU.ActiveCfg = Release|Any CPU
		{CD8C9303-404B-FB8D-6B9B-21988D5CAC0A}.Release|Any CPU.Build.0 = Release|Any CPU
		{87D7A9A4-9501-ED3F-257D-B606468CC860}.Debug|Any CPU.ActiveCfg = Debug|Any CPU
		{87D7A9A4-9501-ED3F-257D-B606468CC860}.Debug|Any CPU.Build.0 = Debug|Any CPU
		{87D7A9A4-9501-ED3F-257D-B606468CC860}.Release|Any CPU.ActiveCfg = Release|Any CPU
		{87D7A9A4-9501-ED3F-257D-B606468CC860}.Release|Any CPU.Build.0 = Release|Any CPU
		{CCAAEB54-E5BE-7998-5D51-E704B3DB0E9A}.Debug|Any CPU.ActiveCfg = Debug|Any CPU
		{CCAAEB54-E5BE-7998-5D51-E704B3DB0E9A}.Debug|Any CPU.Build.0 = Debug|Any CPU
		{CCAAEB54-E5BE-7998-5D51-E704B3DB0E9A}.Release|Any CPU.ActiveCfg = Release|Any CPU
		{CCAAEB54-E5BE-7998-5D51-E704B3DB0E9A}.Release|Any CPU.Build.0 = Release|Any CPU
		{D64A24C6-5A8B-12A3-8D20-3509617AE294}.Debug|Any CPU.ActiveCfg = Debug|Any CPU
		{D64A24C6-5A8B-12A3-8D20-3509617AE294}.Debug|Any CPU.Build.0 = Debug|Any CPU
		{D64A24C6-5A8B-12A3-8D20-3509617AE294}.Release|Any CPU.ActiveCfg = Release|Any CPU
		{D64A24C6-5A8B-12A3-8D20-3509617AE294}.Release|Any CPU.Build.0 = Release|Any CPU
		{C5203975-51CB-FD0D-CE85-3FB4249C96BC}.Debug|Any CPU.ActiveCfg = Debug|Any CPU
		{C5203975-51CB-FD0D-CE85-3FB4249C96BC}.Debug|Any CPU.Build.0 = Debug|Any CPU
		{C5203975-51CB-FD0D-CE85-3FB4249C96BC}.Release|Any CPU.ActiveCfg = Release|Any CPU
		{C5203975-51CB-FD0D-CE85-3FB4249C96BC}.Release|Any CPU.Build.0 = Release|Any CPU
		{DDAE7AF7-E9B8-7938-F31E-4720C55E3FF8}.Debug|Any CPU.ActiveCfg = Debug|Any CPU
		{DDAE7AF7-E9B8-7938-F31E-4720C55E3FF8}.Debug|Any CPU.Build.0 = Debug|Any CPU
		{DDAE7AF7-E9B8-7938-F31E-4720C55E3FF8}.Release|Any CPU.ActiveCfg = Release|Any CPU
		{DDAE7AF7-E9B8-7938-F31E-4720C55E3FF8}.Release|Any CPU.Build.0 = Release|Any CPU
		{E08E16CA-3A74-25C0-DA34-103051062683}.Debug|Any CPU.ActiveCfg = Debug|Any CPU
		{E08E16CA-3A74-25C0-DA34-103051062683}.Debug|Any CPU.Build.0 = Debug|Any CPU
		{E08E16CA-3A74-25C0-DA34-103051062683}.Release|Any CPU.ActiveCfg = Release|Any CPU
		{E08E16CA-3A74-25C0-DA34-103051062683}.Release|Any CPU.Build.0 = Release|Any CPU
		{1615337F-3C01-980B-7784-3454848F0AE8}.Debug|Any CPU.ActiveCfg = Debug|Any CPU
		{1615337F-3C01-980B-7784-3454848F0AE8}.Debug|Any CPU.Build.0 = Debug|Any CPU
		{1615337F-3C01-980B-7784-3454848F0AE8}.Release|Any CPU.ActiveCfg = Release|Any CPU
		{1615337F-3C01-980B-7784-3454848F0AE8}.Release|Any CPU.Build.0 = Release|Any CPU
		{ED3E2C28-BFB8-82E2-44AE-BA5579F582B9}.Debug|Any CPU.ActiveCfg = Debug|Any CPU
		{ED3E2C28-BFB8-82E2-44AE-BA5579F582B9}.Debug|Any CPU.Build.0 = Debug|Any CPU
		{ED3E2C28-BFB8-82E2-44AE-BA5579F582B9}.Release|Any CPU.ActiveCfg = Release|Any CPU
		{ED3E2C28-BFB8-82E2-44AE-BA5579F582B9}.Release|Any CPU.Build.0 = Release|Any CPU
		{39887015-4656-1AD3-6137-37EA8E58EC85}.Debug|Any CPU.ActiveCfg = Debug|Any CPU
		{39887015-4656-1AD3-6137-37EA8E58EC85}.Debug|Any CPU.Build.0 = Debug|Any CPU
		{39887015-4656-1AD3-6137-37EA8E58EC85}.Release|Any CPU.ActiveCfg = Release|Any CPU
		{39887015-4656-1AD3-6137-37EA8E58EC85}.Release|Any CPU.Build.0 = Release|Any CPU
		{E387569F-725F-F5C8-517B-584709B7D5D8}.Debug|Any CPU.ActiveCfg = Debug|Any CPU
		{E387569F-725F-F5C8-517B-584709B7D5D8}.Debug|Any CPU.Build.0 = Debug|Any CPU
		{E387569F-725F-F5C8-517B-584709B7D5D8}.Release|Any CPU.ActiveCfg = Release|Any CPU
		{E387569F-725F-F5C8-517B-584709B7D5D8}.Release|Any CPU.Build.0 = Release|Any CPU
		{1022309A-A609-51BF-E1EC-4DF4D148FD42}.Debug|Any CPU.ActiveCfg = Debug|Any CPU
		{1022309A-A609-51BF-E1EC-4DF4D148FD42}.Debug|Any CPU.Build.0 = Debug|Any CPU
		{1022309A-A609-51BF-E1EC-4DF4D148FD42}.Release|Any CPU.ActiveCfg = Release|Any CPU
		{1022309A-A609-51BF-E1EC-4DF4D148FD42}.Release|Any CPU.Build.0 = Release|Any CPU
		{10EDEBF6-0383-482E-16B3-BB558877F9B0}.Debug|Any CPU.ActiveCfg = Debug|Any CPU
		{10EDEBF6-0383-482E-16B3-BB558877F9B0}.Debug|Any CPU.Build.0 = Debug|Any CPU
		{10EDEBF6-0383-482E-16B3-BB558877F9B0}.Release|Any CPU.ActiveCfg = Release|Any CPU
		{10EDEBF6-0383-482E-16B3-BB558877F9B0}.Release|Any CPU.Build.0 = Release|Any CPU
		{686145E0-A51B-685E-EF99-A1034C8B63AB}.Debug|Any CPU.ActiveCfg = Debug|Any CPU
		{686145E0-A51B-685E-EF99-A1034C8B63AB}.Debug|Any CPU.Build.0 = Debug|Any CPU
		{686145E0-A51B-685E-EF99-A1034C8B63AB}.Release|Any CPU.ActiveCfg = Release|Any CPU
		{686145E0-A51B-685E-EF99-A1034C8B63AB}.Release|Any CPU.Build.0 = Release|Any CPU
		{6311E6C6-0A20-383B-320B-694068DE37A5}.Debug|Any CPU.ActiveCfg = Debug|Any CPU
		{6311E6C6-0A20-383B-320B-694068DE37A5}.Debug|Any CPU.Build.0 = Debug|Any CPU
		{6311E6C6-0A20-383B-320B-694068DE37A5}.Release|Any CPU.ActiveCfg = Release|Any CPU
		{6311E6C6-0A20-383B-320B-694068DE37A5}.Release|Any CPU.Build.0 = Release|Any CPU
		{E41DDF56-3676-7520-3B3D-021F8DBA6BFA}.Debug|Any CPU.ActiveCfg = Debug|Any CPU
		{E41DDF56-3676-7520-3B3D-021F8DBA6BFA}.Debug|Any CPU.Build.0 = Debug|Any CPU
		{E41DDF56-3676-7520-3B3D-021F8DBA6BFA}.Release|Any CPU.ActiveCfg = Release|Any CPU
		{E41DDF56-3676-7520-3B3D-021F8DBA6BFA}.Release|Any CPU.Build.0 = Release|Any CPU
	EndGlobalSection
	GlobalSection(SolutionProperties) = preSolution
		HideSolutionNode = FALSE
	EndGlobalSection
EndGlobal
